// !$*UTF8*$!
{
	archiveVersion = 1;
	classes = {
	};
	objectVersion = 46;
	objects = {

/* Begin PBXAggregateTarget section */
		9B10A96A155D4A06002A3052 /* Documentation */ = {
			isa = PBXAggregateTarget;
			buildConfigurationList = 9B10A96D155D4A06002A3052 /* Build configuration list for PBXAggregateTarget "Documentation" */;
			buildPhases = (
				9B10A971155D4A0F002A3052 /* Generate AppleDoc */,
			);
			dependencies = (
				9B10A970155D4A0B002A3052 /* PBXTargetDependency */,
			);
			name = Documentation;
			productName = Documentation;
		};
		9BEE27C0155EB2B8008A42F8 /* Framework */ = {
			isa = PBXAggregateTarget;
			buildConfigurationList = 9BEE27C1155EB2B8008A42F8 /* Build configuration list for PBXAggregateTarget "Framework" */;
			buildPhases = (
				9BEE27C6155EB2D2008A42F8 /* Build Fat Framework */,
			);
			dependencies = (
				9BEE27C5155EB2C4008A42F8 /* PBXTargetDependency */,
			);
			name = Framework;
			productName = Framework;
		};
/* End PBXAggregateTarget section */

/* Begin PBXBuildFile section */
		9B10A99F155D5867002A3052 /* SenTestingKit.framework in Frameworks */ = {isa = PBXBuildFile; fileRef = 9B10A99E155D5867002A3052 /* SenTestingKit.framework */; };
		9B10A9A2155D5867002A3052 /* Foundation.framework in Frameworks */ = {isa = PBXBuildFile; fileRef = 9B6C18C314A7E18200087893 /* Foundation.framework */; };
		9B10A9A8155D5867002A3052 /* InfoPlist.strings in Resources */ = {isa = PBXBuildFile; fileRef = 9B10A9A6155D5867002A3052 /* InfoPlist.strings */; };
		9B10A9AB155D5867002A3052 /* MTDWaypointTest.m in Sources */ = {isa = PBXBuildFile; fileRef = 9B10A9AA155D5867002A3052 /* MTDWaypointTest.m */; };
		9B10A9B6155D5A4D002A3052 /* CoreLocation.framework in Frameworks */ = {isa = PBXBuildFile; fileRef = 9B10A9B2155D5A17002A3052 /* CoreLocation.framework */; };
		9B10A9B7155D5A6C002A3052 /* MapKit.framework in Frameworks */ = {isa = PBXBuildFile; fileRef = 9B10A9B4155D5A1B002A3052 /* MapKit.framework */; };
		9B10A9B8155D5A94002A3052 /* libMTDirectionsKit.a in Frameworks */ = {isa = PBXBuildFile; fileRef = 9B6C18C014A7E18200087893 /* libMTDirectionsKit.a */; };
		9B10AA2B155D85B8002A3052 /* MTDDirectionsParserMapQuest.h in Headers */ = {isa = PBXBuildFile; fileRef = 9B10AA0B155D85B8002A3052 /* MTDDirectionsParserMapQuest.h */; };
		9B10AA2C155D85B8002A3052 /* MTDDirectionsParserMapQuest.m in Sources */ = {isa = PBXBuildFile; fileRef = 9B10AA0C155D85B8002A3052 /* MTDDirectionsParserMapQuest.m */; };
		9B10AA2D155D85B8002A3052 /* MTDDirectionsRequestMapQuest.h in Headers */ = {isa = PBXBuildFile; fileRef = 9B10AA0D155D85B8002A3052 /* MTDDirectionsRequestMapQuest.h */; };
		9B10AA2E155D85B8002A3052 /* MTDDirectionsRequestMapQuest.m in Sources */ = {isa = PBXBuildFile; fileRef = 9B10AA0E155D85B8002A3052 /* MTDDirectionsRequestMapQuest.m */; };
		9B10AA2F155D85B8002A3052 /* MTDDirectionsRouteType+MapQuest.h in Headers */ = {isa = PBXBuildFile; fileRef = 9B10AA0F155D85B8002A3052 /* MTDDirectionsRouteType+MapQuest.h */; };
		9B10AA30155D85B8002A3052 /* MTDDirectionsAPI.h in Headers */ = {isa = PBXBuildFile; fileRef = 9B10AA10155D85B8002A3052 /* MTDDirectionsAPI.h */; };
		9B10AA31155D85B8002A3052 /* MTDDirectionsAPI.m in Sources */ = {isa = PBXBuildFile; fileRef = 9B10AA11155D85B8002A3052 /* MTDDirectionsAPI.m */; };
		9B10AA32155D85B8002A3052 /* MTDDirectionsDefines.h in Headers */ = {isa = PBXBuildFile; fileRef = 9B10AA13155D85B8002A3052 /* MTDDirectionsDefines.h */; settings = {ATTRIBUTES = (Public, ); }; };
		9B10AA33155D85B8002A3052 /* MTDDirectionsDisplayType.h in Headers */ = {isa = PBXBuildFile; fileRef = 9B10AA14155D85B8002A3052 /* MTDDirectionsDisplayType.h */; settings = {ATTRIBUTES = (Public, ); }; };
		9B10AA34155D85B8002A3052 /* MTDDirectionsRouteType.h in Headers */ = {isa = PBXBuildFile; fileRef = 9B10AA15155D85B8002A3052 /* MTDDirectionsRouteType.h */; settings = {ATTRIBUTES = (Public, ); }; };
		9B10AA35155D85B8002A3052 /* MTDWaypoint.h in Headers */ = {isa = PBXBuildFile; fileRef = 9B10AA16155D85B8002A3052 /* MTDWaypoint.h */; settings = {ATTRIBUTES = (Public, ); }; };
		9B10AA36155D85B8002A3052 /* MTDWaypoint.m in Sources */ = {isa = PBXBuildFile; fileRef = 9B10AA17155D85B8002A3052 /* MTDWaypoint.m */; };
		9B10AA37155D85B8002A3052 /* MTDDirectionsOverlay.h in Headers */ = {isa = PBXBuildFile; fileRef = 9B10AA19155D85B8002A3052 /* MTDDirectionsOverlay.h */; settings = {ATTRIBUTES = (Public, ); }; };
		9B10AA38155D85B8002A3052 /* MTDDirectionsOverlay.m in Sources */ = {isa = PBXBuildFile; fileRef = 9B10AA1A155D85B8002A3052 /* MTDDirectionsOverlay.m */; };
		9B10AA39155D85B8002A3052 /* MTDDirectionsOverlayView.h in Headers */ = {isa = PBXBuildFile; fileRef = 9B10AA1B155D85B8002A3052 /* MTDDirectionsOverlayView.h */; settings = {ATTRIBUTES = (Public, ); }; };
		9B10AA3A155D85B8002A3052 /* MTDDirectionsOverlayView.m in Sources */ = {isa = PBXBuildFile; fileRef = 9B10AA1C155D85B8002A3052 /* MTDDirectionsOverlayView.m */; };
		9B10AA3B155D85B8002A3052 /* MTDMapView.h in Headers */ = {isa = PBXBuildFile; fileRef = 9B10AA1D155D85B8002A3052 /* MTDMapView.h */; settings = {ATTRIBUTES = (Public, ); }; };
		9B10AA3C155D85B8002A3052 /* MTDMapView.m in Sources */ = {isa = PBXBuildFile; fileRef = 9B10AA1E155D85B8002A3052 /* MTDMapView.m */; };
		9B10AA41155D85B8002A3052 /* MTDDirectionsParser.h in Headers */ = {isa = PBXBuildFile; fileRef = 9B10AA25155D85B8002A3052 /* MTDDirectionsParser.h */; };
		9B10AA42155D85B8002A3052 /* MTDDirectionsParser.m in Sources */ = {isa = PBXBuildFile; fileRef = 9B10AA26155D85B8002A3052 /* MTDDirectionsParser.m */; };
		9B10AA43155D85B8002A3052 /* MTDDirectionsRequest+MTDirectionsPrivateAPI.h in Headers */ = {isa = PBXBuildFile; fileRef = 9B10AA28155D85B8002A3052 /* MTDDirectionsRequest+MTDirectionsPrivateAPI.h */; };
		9B10AA44155D85B8002A3052 /* MTDDirectionsRequest.h in Headers */ = {isa = PBXBuildFile; fileRef = 9B10AA29155D85B8002A3052 /* MTDDirectionsRequest.h */; settings = {ATTRIBUTES = (Public, ); }; };
		9B10AA45155D85B8002A3052 /* MTDDirectionsRequest.m in Sources */ = {isa = PBXBuildFile; fileRef = 9B10AA2A155D85B8002A3052 /* MTDDirectionsRequest.m */; };
		9B2C4297155EB6A400C0E4CE /* UIKit.framework in Frameworks */ = {isa = PBXBuildFile; fileRef = 9B2C4296155EB6A400C0E4CE /* UIKit.framework */; };
		9B6C18C414A7E18200087893 /* Foundation.framework in Frameworks */ = {isa = PBXBuildFile; fileRef = 9B6C18C314A7E18200087893 /* Foundation.framework */; };
		9B6C18F414A7E40A00087893 /* libxml2.dylib in Frameworks */ = {isa = PBXBuildFile; fileRef = 9B6C18F314A7E40A00087893 /* libxml2.dylib */; };
		9B8A2C1B1560129F00BAAE7B /* MTDXMLElement.h in Headers */ = {isa = PBXBuildFile; fileRef = 9B8A2C191560129F00BAAE7B /* MTDXMLElement.h */; };
		9B8A2C1C1560129F00BAAE7B /* MTDXMLElement.m in Sources */ = {isa = PBXBuildFile; fileRef = 9B8A2C1A1560129F00BAAE7B /* MTDXMLElement.m */; };
		9B8F5160155C516E00A9C10C /* MTDirectionsKit.h in Headers */ = {isa = PBXBuildFile; fileRef = 9B8F515E155C516E00A9C10C /* MTDirectionsKit.h */; settings = {ATTRIBUTES = (Public, ); }; };
		9B8F5161155C516E00A9C10C /* Prefix.pch in Headers */ = {isa = PBXBuildFile; fileRef = 9B8F515F155C516E00A9C10C /* Prefix.pch */; };
		9B9945F41562F15D00DE5B1B /* MTDDirectionsDelegate.h in Headers */ = {isa = PBXBuildFile; fileRef = 9B9945F21562DF5E00DE5B1B /* MTDDirectionsDelegate.h */; settings = {ATTRIBUTES = (Public, ); }; };
		9BAC0BEB155DE0C40067C1A1 /* MTDFunctions.h in Headers */ = {isa = PBXBuildFile; fileRef = 9BAC0BE9155DE0C40067C1A1 /* MTDFunctions.h */; settings = {ATTRIBUTES = (Public, ); }; };
		9BAC0BEC155DE0C40067C1A1 /* MTDFunctions.m in Sources */ = {isa = PBXBuildFile; fileRef = 9BAC0BEA155DE0C40067C1A1 /* MTDFunctions.m */; };
		9BEE26EB155E92FC008A42F8 /* MTDHTTPRequest.h in Headers */ = {isa = PBXBuildFile; fileRef = 9BEE26E9155E92FC008A42F8 /* MTDHTTPRequest.h */; settings = {ATTRIBUTES = (Public, ); }; };
		9BEE26EC155E92FC008A42F8 /* MTDHTTPRequest.m in Sources */ = {isa = PBXBuildFile; fileRef = 9BEE26EA155E92FC008A42F8 /* MTDHTTPRequest.m */; };
/* End PBXBuildFile section */

/* Begin PBXContainerItemProxy section */
		9B10A96F155D4A0B002A3052 /* PBXContainerItemProxy */ = {
			isa = PBXContainerItemProxy;
			containerPortal = 9B6C18B714A7E18200087893 /* Project object */;
			proxyType = 1;
			remoteGlobalIDString = 9B6C18BF14A7E18200087893;
			remoteInfo = MTDirectionsKit;
		};
		9B10A9B0155D5876002A3052 /* PBXContainerItemProxy */ = {
			isa = PBXContainerItemProxy;
			containerPortal = 9B6C18B714A7E18200087893 /* Project object */;
			proxyType = 1;
			remoteGlobalIDString = 9B6C18BF14A7E18200087893;
			remoteInfo = MTDirectionsKit;
		};
		9BEE27C4155EB2C4008A42F8 /* PBXContainerItemProxy */ = {
			isa = PBXContainerItemProxy;
			containerPortal = 9B6C18B714A7E18200087893 /* Project object */;
			proxyType = 1;
			remoteGlobalIDString = 9B6C18BF14A7E18200087893;
			remoteInfo = MTDirectionsKit;
		};
/* End PBXContainerItemProxy section */

/* Begin PBXFileReference section */
		9B10A99D155D5867002A3052 /* MTDirectionsKitTest.octest */ = {isa = PBXFileReference; explicitFileType = wrapper.cfbundle; includeInIndex = 0; path = MTDirectionsKitTest.octest; sourceTree = BUILT_PRODUCTS_DIR; };
		9B10A99E155D5867002A3052 /* SenTestingKit.framework */ = {isa = PBXFileReference; lastKnownFileType = wrapper.framework; name = SenTestingKit.framework; path = Library/Frameworks/SenTestingKit.framework; sourceTree = DEVELOPER_DIR; };
		9B10A9A5155D5867002A3052 /* MTDirectionsKitTest-Info.plist */ = {isa = PBXFileReference; lastKnownFileType = text.plist.xml; path = "MTDirectionsKitTest-Info.plist"; sourceTree = "<group>"; };
		9B10A9A7155D5867002A3052 /* en */ = {isa = PBXFileReference; lastKnownFileType = text.plist.strings; name = en; path = en.lproj/InfoPlist.strings; sourceTree = "<group>"; };
		9B10A9A9155D5867002A3052 /* MTDWaypointTest.h */ = {isa = PBXFileReference; lastKnownFileType = sourcecode.c.h; path = MTDWaypointTest.h; sourceTree = "<group>"; };
		9B10A9AA155D5867002A3052 /* MTDWaypointTest.m */ = {isa = PBXFileReference; lastKnownFileType = sourcecode.c.objc; path = MTDWaypointTest.m; sourceTree = "<group>"; };
		9B10A9AC155D5867002A3052 /* MTDirectionsKitTest-Prefix.pch */ = {isa = PBXFileReference; lastKnownFileType = sourcecode.c.h; path = "MTDirectionsKitTest-Prefix.pch"; sourceTree = "<group>"; };
		9B10A9B2155D5A17002A3052 /* CoreLocation.framework */ = {isa = PBXFileReference; lastKnownFileType = wrapper.framework; name = CoreLocation.framework; path = System/Library/Frameworks/CoreLocation.framework; sourceTree = SDKROOT; };
		9B10A9B4155D5A1B002A3052 /* MapKit.framework */ = {isa = PBXFileReference; lastKnownFileType = wrapper.framework; name = MapKit.framework; path = System/Library/Frameworks/MapKit.framework; sourceTree = SDKROOT; };
		9B10AA0B155D85B8002A3052 /* MTDDirectionsParserMapQuest.h */ = {isa = PBXFileReference; fileEncoding = 4; lastKnownFileType = sourcecode.c.h; path = MTDDirectionsParserMapQuest.h; sourceTree = "<group>"; };
		9B10AA0C155D85B8002A3052 /* MTDDirectionsParserMapQuest.m */ = {isa = PBXFileReference; fileEncoding = 4; lastKnownFileType = sourcecode.c.objc; path = MTDDirectionsParserMapQuest.m; sourceTree = "<group>"; };
		9B10AA0D155D85B8002A3052 /* MTDDirectionsRequestMapQuest.h */ = {isa = PBXFileReference; fileEncoding = 4; lastKnownFileType = sourcecode.c.h; path = MTDDirectionsRequestMapQuest.h; sourceTree = "<group>"; };
		9B10AA0E155D85B8002A3052 /* MTDDirectionsRequestMapQuest.m */ = {isa = PBXFileReference; fileEncoding = 4; lastKnownFileType = sourcecode.c.objc; path = MTDDirectionsRequestMapQuest.m; sourceTree = "<group>"; };
		9B10AA0F155D85B8002A3052 /* MTDDirectionsRouteType+MapQuest.h */ = {isa = PBXFileReference; fileEncoding = 4; lastKnownFileType = sourcecode.c.h; path = "MTDDirectionsRouteType+MapQuest.h"; sourceTree = "<group>"; };
		9B10AA10155D85B8002A3052 /* MTDDirectionsAPI.h */ = {isa = PBXFileReference; fileEncoding = 4; lastKnownFileType = sourcecode.c.h; path = MTDDirectionsAPI.h; sourceTree = "<group>"; };
		9B10AA11155D85B8002A3052 /* MTDDirectionsAPI.m */ = {isa = PBXFileReference; fileEncoding = 4; lastKnownFileType = sourcecode.c.objc; path = MTDDirectionsAPI.m; sourceTree = "<group>"; };
		9B10AA13155D85B8002A3052 /* MTDDirectionsDefines.h */ = {isa = PBXFileReference; fileEncoding = 4; lastKnownFileType = sourcecode.c.h; path = MTDDirectionsDefines.h; sourceTree = "<group>"; };
		9B10AA14155D85B8002A3052 /* MTDDirectionsDisplayType.h */ = {isa = PBXFileReference; fileEncoding = 4; lastKnownFileType = sourcecode.c.h; path = MTDDirectionsDisplayType.h; sourceTree = "<group>"; };
		9B10AA15155D85B8002A3052 /* MTDDirectionsRouteType.h */ = {isa = PBXFileReference; fileEncoding = 4; lastKnownFileType = sourcecode.c.h; path = MTDDirectionsRouteType.h; sourceTree = "<group>"; };
		9B10AA16155D85B8002A3052 /* MTDWaypoint.h */ = {isa = PBXFileReference; fileEncoding = 4; lastKnownFileType = sourcecode.c.h; path = MTDWaypoint.h; sourceTree = "<group>"; };
		9B10AA17155D85B8002A3052 /* MTDWaypoint.m */ = {isa = PBXFileReference; fileEncoding = 4; lastKnownFileType = sourcecode.c.objc; path = MTDWaypoint.m; sourceTree = "<group>"; };
		9B10AA19155D85B8002A3052 /* MTDDirectionsOverlay.h */ = {isa = PBXFileReference; fileEncoding = 4; lastKnownFileType = sourcecode.c.h; path = MTDDirectionsOverlay.h; sourceTree = "<group>"; };
		9B10AA1A155D85B8002A3052 /* MTDDirectionsOverlay.m */ = {isa = PBXFileReference; fileEncoding = 4; lastKnownFileType = sourcecode.c.objc; path = MTDDirectionsOverlay.m; sourceTree = "<group>"; };
		9B10AA1B155D85B8002A3052 /* MTDDirectionsOverlayView.h */ = {isa = PBXFileReference; fileEncoding = 4; lastKnownFileType = sourcecode.c.h; path = MTDDirectionsOverlayView.h; sourceTree = "<group>"; };
		9B10AA1C155D85B8002A3052 /* MTDDirectionsOverlayView.m */ = {isa = PBXFileReference; fileEncoding = 4; lastKnownFileType = sourcecode.c.objc; path = MTDDirectionsOverlayView.m; sourceTree = "<group>"; };
		9B10AA1D155D85B8002A3052 /* MTDMapView.h */ = {isa = PBXFileReference; fileEncoding = 4; lastKnownFileType = sourcecode.c.h; path = MTDMapView.h; sourceTree = "<group>"; };
		9B10AA1E155D85B8002A3052 /* MTDMapView.m */ = {isa = PBXFileReference; fileEncoding = 4; lastKnownFileType = sourcecode.c.objc; path = MTDMapView.m; sourceTree = "<group>"; };
		9B10AA25155D85B8002A3052 /* MTDDirectionsParser.h */ = {isa = PBXFileReference; fileEncoding = 4; lastKnownFileType = sourcecode.c.h; path = MTDDirectionsParser.h; sourceTree = "<group>"; };
		9B10AA26155D85B8002A3052 /* MTDDirectionsParser.m */ = {isa = PBXFileReference; fileEncoding = 4; lastKnownFileType = sourcecode.c.objc; path = MTDDirectionsParser.m; sourceTree = "<group>"; };
		9B10AA28155D85B8002A3052 /* MTDDirectionsRequest+MTDirectionsPrivateAPI.h */ = {isa = PBXFileReference; fileEncoding = 4; lastKnownFileType = sourcecode.c.h; path = "MTDDirectionsRequest+MTDirectionsPrivateAPI.h"; sourceTree = "<group>"; };
		9B10AA29155D85B8002A3052 /* MTDDirectionsRequest.h */ = {isa = PBXFileReference; fileEncoding = 4; lastKnownFileType = sourcecode.c.h; path = MTDDirectionsRequest.h; sourceTree = "<group>"; };
		9B10AA2A155D85B8002A3052 /* MTDDirectionsRequest.m */ = {isa = PBXFileReference; fileEncoding = 4; lastKnownFileType = sourcecode.c.objc; path = MTDDirectionsRequest.m; sourceTree = "<group>"; };
		9B2C4296155EB6A400C0E4CE /* UIKit.framework */ = {isa = PBXFileReference; lastKnownFileType = wrapper.framework; name = UIKit.framework; path = System/Library/Frameworks/UIKit.framework; sourceTree = SDKROOT; };
		9B6C18C014A7E18200087893 /* libMTDirectionsKit.a */ = {isa = PBXFileReference; explicitFileType = archive.ar; includeInIndex = 0; path = libMTDirectionsKit.a; sourceTree = BUILT_PRODUCTS_DIR; };
		9B6C18C314A7E18200087893 /* Foundation.framework */ = {isa = PBXFileReference; lastKnownFileType = wrapper.framework; name = Foundation.framework; path = System/Library/Frameworks/Foundation.framework; sourceTree = SDKROOT; };
		9B6C18F314A7E40A00087893 /* libxml2.dylib */ = {isa = PBXFileReference; lastKnownFileType = "compiled.mach-o.dylib"; name = libxml2.dylib; path = usr/lib/libxml2.dylib; sourceTree = SDKROOT; };
		9B8A2BB7155FE20000BAAE7B /* MTDStatusCodeMapQuest.h */ = {isa = PBXFileReference; lastKnownFileType = sourcecode.c.h; path = MTDStatusCodeMapQuest.h; sourceTree = "<group>"; };
		9B8A2BFD156005F100BAAE7B /* LICENSE */ = {isa = PBXFileReference; fileEncoding = 4; lastKnownFileType = text; path = LICENSE; sourceTree = SOURCE_ROOT; };
		9B8A2BFE1560079100BAAE7B /* CHANGELOG */ = {isa = PBXFileReference; fileEncoding = 4; lastKnownFileType = text; path = CHANGELOG; sourceTree = SOURCE_ROOT; };
		9B8A2BFF156007B800BAAE7B /* README.mdown */ = {isa = PBXFileReference; lastKnownFileType = text; path = README.mdown; sourceTree = SOURCE_ROOT; };
		9B8A2C191560129F00BAAE7B /* MTDXMLElement.h */ = {isa = PBXFileReference; fileEncoding = 4; lastKnownFileType = sourcecode.c.h; path = MTDXMLElement.h; sourceTree = "<group>"; };
		9B8A2C1A1560129F00BAAE7B /* MTDXMLElement.m */ = {isa = PBXFileReference; fileEncoding = 4; lastKnownFileType = sourcecode.c.objc; path = MTDXMLElement.m; sourceTree = "<group>"; };
		9B8F515E155C516E00A9C10C /* MTDirectionsKit.h */ = {isa = PBXFileReference; fileEncoding = 4; lastKnownFileType = sourcecode.c.h; name = MTDirectionsKit.h; path = MTDirectionsKit/MTDirectionsKit.h; sourceTree = SOURCE_ROOT; };
		9B8F515F155C516E00A9C10C /* Prefix.pch */ = {isa = PBXFileReference; fileEncoding = 4; lastKnownFileType = sourcecode.c.h; name = Prefix.pch; path = MTDirectionsKit/Prefix.pch; sourceTree = SOURCE_ROOT; };
		9B9945F21562DF5E00DE5B1B /* MTDDirectionsDelegate.h */ = {isa = PBXFileReference; lastKnownFileType = sourcecode.c.h; path = MTDDirectionsDelegate.h; sourceTree = "<group>"; };
		9BAC0BE9155DE0C40067C1A1 /* MTDFunctions.h */ = {isa = PBXFileReference; fileEncoding = 4; lastKnownFileType = sourcecode.c.h; path = MTDFunctions.h; sourceTree = "<group>"; };
		9BAC0BEA155DE0C40067C1A1 /* MTDFunctions.m */ = {isa = PBXFileReference; fileEncoding = 4; lastKnownFileType = sourcecode.c.objc; path = MTDFunctions.m; sourceTree = "<group>"; };
		9BEE26E9155E92FC008A42F8 /* MTDHTTPRequest.h */ = {isa = PBXFileReference; fileEncoding = 4; lastKnownFileType = sourcecode.c.h; path = MTDHTTPRequest.h; sourceTree = "<group>"; };
		9BEE26EA155E92FC008A42F8 /* MTDHTTPRequest.m */ = {isa = PBXFileReference; fileEncoding = 4; lastKnownFileType = sourcecode.c.objc; path = MTDHTTPRequest.m; sourceTree = "<group>"; };
/* End PBXFileReference section */

/* Begin PBXFrameworksBuildPhase section */
		9B10A999155D5867002A3052 /* Frameworks */ = {
			isa = PBXFrameworksBuildPhase;
			buildActionMask = 2147483647;
			files = (
				9B10A9B8155D5A94002A3052 /* libMTDirectionsKit.a in Frameworks */,
				9B10A9B7155D5A6C002A3052 /* MapKit.framework in Frameworks */,
				9B10A9B6155D5A4D002A3052 /* CoreLocation.framework in Frameworks */,
				9B10A99F155D5867002A3052 /* SenTestingKit.framework in Frameworks */,
				9B10A9A2155D5867002A3052 /* Foundation.framework in Frameworks */,
			);
			runOnlyForDeploymentPostprocessing = 0;
		};
		9B6C18BD14A7E18200087893 /* Frameworks */ = {
			isa = PBXFrameworksBuildPhase;
			buildActionMask = 2147483647;
			files = (
				9B2C4297155EB6A400C0E4CE /* UIKit.framework in Frameworks */,
				9B6C18F414A7E40A00087893 /* libxml2.dylib in Frameworks */,
				9B6C18C414A7E18200087893 /* Foundation.framework in Frameworks */,
			);
			runOnlyForDeploymentPostprocessing = 0;
		};
/* End PBXFrameworksBuildPhase section */

/* Begin PBXGroup section */
		9B10A9A3155D5867002A3052 /* MTDirectionsKitTest */ = {
			isa = PBXGroup;
			children = (
				9B10A9A9155D5867002A3052 /* MTDWaypointTest.h */,
				9B10A9AA155D5867002A3052 /* MTDWaypointTest.m */,
				9B10A9A4155D5867002A3052 /* Supporting Files */,
			);
			path = MTDirectionsKitTest;
			sourceTree = "<group>";
		};
		9B10A9A4155D5867002A3052 /* Supporting Files */ = {
			isa = PBXGroup;
			children = (
				9B10A9A5155D5867002A3052 /* MTDirectionsKitTest-Info.plist */,
				9B10A9A6155D5867002A3052 /* InfoPlist.strings */,
				9B10A9AC155D5867002A3052 /* MTDirectionsKitTest-Prefix.pch */,
			);
			name = "Supporting Files";
			sourceTree = "<group>";
		};
		9B10AA09155D85B8002A3052 /* APIs */ = {
			isa = PBXGroup;
			children = (
				9B10AA0A155D85B8002A3052 /* MapQuest */,
				9B10AA10155D85B8002A3052 /* MTDDirectionsAPI.h */,
				9B10AA11155D85B8002A3052 /* MTDDirectionsAPI.m */,
			);
			name = APIs;
			path = MTDirectionsKit/APIs;
			sourceTree = SOURCE_ROOT;
		};
		9B10AA0A155D85B8002A3052 /* MapQuest */ = {
			isa = PBXGroup;
			children = (
				9B10AA0B155D85B8002A3052 /* MTDDirectionsParserMapQuest.h */,
				9B10AA0C155D85B8002A3052 /* MTDDirectionsParserMapQuest.m */,
				9B10AA0D155D85B8002A3052 /* MTDDirectionsRequestMapQuest.h */,
				9B10AA0E155D85B8002A3052 /* MTDDirectionsRequestMapQuest.m */,
				9B10AA0F155D85B8002A3052 /* MTDDirectionsRouteType+MapQuest.h */,
				9B8A2BB7155FE20000BAAE7B /* MTDStatusCodeMapQuest.h */,
			);
			path = MapQuest;
			sourceTree = "<group>";
		};
		9B10AA12155D85B8002A3052 /* General */ = {
			isa = PBXGroup;
			children = (
				9B10AA13155D85B8002A3052 /* MTDDirectionsDefines.h */,
				9B10AA14155D85B8002A3052 /* MTDDirectionsDisplayType.h */,
				9B10AA15155D85B8002A3052 /* MTDDirectionsRouteType.h */,
				9BAC0BE9155DE0C40067C1A1 /* MTDFunctions.h */,
				9BAC0BEA155DE0C40067C1A1 /* MTDFunctions.m */,
				9B10AA16155D85B8002A3052 /* MTDWaypoint.h */,
				9B10AA17155D85B8002A3052 /* MTDWaypoint.m */,
			);
			name = General;
			path = MTDirectionsKit/General;
			sourceTree = SOURCE_ROOT;
		};
		9B10AA18155D85B8002A3052 /* MapKit */ = {
			isa = PBXGroup;
			children = (
				9B10AA19155D85B8002A3052 /* MTDDirectionsOverlay.h */,
				9B10AA1A155D85B8002A3052 /* MTDDirectionsOverlay.m */,
				9B10AA1B155D85B8002A3052 /* MTDDirectionsOverlayView.h */,
				9B10AA1C155D85B8002A3052 /* MTDDirectionsOverlayView.m */,
				9B10AA1D155D85B8002A3052 /* MTDMapView.h */,
				9B10AA1E155D85B8002A3052 /* MTDMapView.m */,
				9B9945F21562DF5E00DE5B1B /* MTDDirectionsDelegate.h */,
			);
			name = MapKit;
			path = MTDirectionsKit/MapKit;
			sourceTree = SOURCE_ROOT;
		};
		9B10AA24155D85B8002A3052 /* Parser */ = {
			isa = PBXGroup;
			children = (
				9B10AA25155D85B8002A3052 /* MTDDirectionsParser.h */,
				9B10AA26155D85B8002A3052 /* MTDDirectionsParser.m */,
				9B8A2C191560129F00BAAE7B /* MTDXMLElement.h */,
				9B8A2C1A1560129F00BAAE7B /* MTDXMLElement.m */,
			);
			name = Parser;
			path = MTDirectionsKit/Parser;
			sourceTree = SOURCE_ROOT;
		};
		9B10AA27155D85B8002A3052 /* Request */ = {
			isa = PBXGroup;
			children = (
				9B10AA28155D85B8002A3052 /* MTDDirectionsRequest+MTDirectionsPrivateAPI.h */,
				9B10AA29155D85B8002A3052 /* MTDDirectionsRequest.h */,
				9B10AA2A155D85B8002A3052 /* MTDDirectionsRequest.m */,
				9BEE26E9155E92FC008A42F8 /* MTDHTTPRequest.h */,
				9BEE26EA155E92FC008A42F8 /* MTDHTTPRequest.m */,
			);
			name = Request;
			path = MTDirectionsKit/Request;
			sourceTree = SOURCE_ROOT;
		};
		9B6C18B514A7E18200087893 = {
			isa = PBXGroup;
			children = (
				9B6C18C514A7E18200087893 /* MTDirectionsKit */,
				9B10A9A3155D5867002A3052 /* MTDirectionsKitTest */,
				9B6C18C214A7E18200087893 /* Frameworks */,
				9B6C18C114A7E18200087893 /* Products */,
			);
			sourceTree = "<group>";
		};
		9B6C18C114A7E18200087893 /* Products */ = {
			isa = PBXGroup;
			children = (
				9B6C18C014A7E18200087893 /* libMTDirectionsKit.a */,
				9B10A99D155D5867002A3052 /* MTDirectionsKitTest.octest */,
			);
			name = Products;
			sourceTree = "<group>";
		};
		9B6C18C214A7E18200087893 /* Frameworks */ = {
			isa = PBXGroup;
			children = (
				9B6C18F314A7E40A00087893 /* libxml2.dylib */,
				9B10A9B2155D5A17002A3052 /* CoreLocation.framework */,
				9B6C18C314A7E18200087893 /* Foundation.framework */,
				9B10A9B4155D5A1B002A3052 /* MapKit.framework */,
				9B2C4296155EB6A400C0E4CE /* UIKit.framework */,
				9B10A99E155D5867002A3052 /* SenTestingKit.framework */,
			);
			name = Frameworks;
			sourceTree = "<group>";
		};
		9B6C18C514A7E18200087893 /* MTDirectionsKit */ = {
			isa = PBXGroup;
			children = (
				9B10AA09155D85B8002A3052 /* APIs */,
				9B10AA12155D85B8002A3052 /* General */,
				9B10AA18155D85B8002A3052 /* MapKit */,
				9B10AA24155D85B8002A3052 /* Parser */,
				9B10AA27155D85B8002A3052 /* Request */,
				9B6C18C614A7E18200087893 /* Supporting Files */,
				9B8A2BFD156005F100BAAE7B /* LICENSE */,
				9B8A2BFE1560079100BAAE7B /* CHANGELOG */,
				9B8A2BFF156007B800BAAE7B /* README.mdown */,
			);
			name = MTDirectionsKit;
			path = MTDirections;
			sourceTree = "<group>";
		};
		9B6C18C614A7E18200087893 /* Supporting Files */ = {
			isa = PBXGroup;
			children = (
				9B8F515E155C516E00A9C10C /* MTDirectionsKit.h */,
				9B8F515F155C516E00A9C10C /* Prefix.pch */,
			);
			name = "Supporting Files";
			sourceTree = "<group>";
		};
/* End PBXGroup section */

/* Begin PBXHeadersBuildPhase section */
		9B6C18BE14A7E18200087893 /* Headers */ = {
			isa = PBXHeadersBuildPhase;
			buildActionMask = 2147483647;
			files = (
				9B8F5160155C516E00A9C10C /* MTDirectionsKit.h in Headers */,
				9B8F5161155C516E00A9C10C /* Prefix.pch in Headers */,
				9B10AA2B155D85B8002A3052 /* MTDDirectionsParserMapQuest.h in Headers */,
				9B10AA2D155D85B8002A3052 /* MTDDirectionsRequestMapQuest.h in Headers */,
				9B10AA2F155D85B8002A3052 /* MTDDirectionsRouteType+MapQuest.h in Headers */,
				9B10AA30155D85B8002A3052 /* MTDDirectionsAPI.h in Headers */,
				9B10AA32155D85B8002A3052 /* MTDDirectionsDefines.h in Headers */,
				9B10AA33155D85B8002A3052 /* MTDDirectionsDisplayType.h in Headers */,
				9B10AA34155D85B8002A3052 /* MTDDirectionsRouteType.h in Headers */,
				9B10AA35155D85B8002A3052 /* MTDWaypoint.h in Headers */,
				9B10AA37155D85B8002A3052 /* MTDDirectionsOverlay.h in Headers */,
				9B10AA39155D85B8002A3052 /* MTDDirectionsOverlayView.h in Headers */,
				9B10AA3B155D85B8002A3052 /* MTDMapView.h in Headers */,
				9B10AA41155D85B8002A3052 /* MTDDirectionsParser.h in Headers */,
				9B10AA43155D85B8002A3052 /* MTDDirectionsRequest+MTDirectionsPrivateAPI.h in Headers */,
				9B10AA44155D85B8002A3052 /* MTDDirectionsRequest.h in Headers */,
				9BAC0BEB155DE0C40067C1A1 /* MTDFunctions.h in Headers */,
				9BEE26EB155E92FC008A42F8 /* MTDHTTPRequest.h in Headers */,
				9B8A2C1B1560129F00BAAE7B /* MTDXMLElement.h in Headers */,
				9B9945F41562F15D00DE5B1B /* MTDDirectionsDelegate.h in Headers */,
			);
			runOnlyForDeploymentPostprocessing = 0;
		};
/* End PBXHeadersBuildPhase section */

/* Begin PBXNativeTarget section */
		9B10A99C155D5867002A3052 /* MTDirectionsKitTest */ = {
			isa = PBXNativeTarget;
			buildConfigurationList = 9B10A9AD155D5867002A3052 /* Build configuration list for PBXNativeTarget "MTDirectionsKitTest" */;
			buildPhases = (
				9B10A998155D5867002A3052 /* Sources */,
				9B10A999155D5867002A3052 /* Frameworks */,
				9B10A99A155D5867002A3052 /* Resources */,
				9B10A99B155D5867002A3052 /* ShellScript */,
			);
			buildRules = (
			);
			dependencies = (
				9B10A9B1155D5876002A3052 /* PBXTargetDependency */,
			);
			name = MTDirectionsKitTest;
			productName = MTDirectionsKitTest;
			productReference = 9B10A99D155D5867002A3052 /* MTDirectionsKitTest.octest */;
			productType = "com.apple.product-type.bundle";
		};
		9B6C18BF14A7E18200087893 /* MTDirectionsKit */ = {
			isa = PBXNativeTarget;
			buildConfigurationList = 9B6C18CD14A7E18200087893 /* Build configuration list for PBXNativeTarget "MTDirectionsKit" */;
			buildPhases = (
				9B6C18BC14A7E18200087893 /* Sources */,
				9B6C18BD14A7E18200087893 /* Frameworks */,
				9B6C18BE14A7E18200087893 /* Headers */,
				9BEE27BF155EB19F008A42F8 /* Prepare Framework */,
			);
			buildRules = (
			);
			dependencies = (
			);
			name = MTDirectionsKit;
			productName = MTDirections;
			productReference = 9B6C18C014A7E18200087893 /* libMTDirectionsKit.a */;
			productType = "com.apple.product-type.library.static";
		};
/* End PBXNativeTarget section */

/* Begin PBXProject section */
		9B6C18B714A7E18200087893 /* Project object */ = {
			isa = PBXProject;
			attributes = {
				CLASSPREFIX = MTD;
				LastUpgradeCheck = 0430;
				ORGANIZATIONNAME = "Matthias Tretter (@myell0w)";
			};
			buildConfigurationList = 9B6C18BA14A7E18200087893 /* Build configuration list for PBXProject "MTDirectionsKit" */;
			compatibilityVersion = "Xcode 3.2";
			developmentRegion = English;
			hasScannedForEncodings = 0;
			knownRegions = (
				en,
			);
			mainGroup = 9B6C18B514A7E18200087893;
			productRefGroup = 9B6C18C114A7E18200087893 /* Products */;
			projectDirPath = "";
			projectRoot = "";
			targets = (
				9B6C18BF14A7E18200087893 /* MTDirectionsKit */,
				9B10A96A155D4A06002A3052 /* Documentation */,
				9BEE27C0155EB2B8008A42F8 /* Framework */,
				9B10A99C155D5867002A3052 /* MTDirectionsKitTest */,
			);
		};
/* End PBXProject section */

/* Begin PBXResourcesBuildPhase section */
		9B10A99A155D5867002A3052 /* Resources */ = {
			isa = PBXResourcesBuildPhase;
			buildActionMask = 2147483647;
			files = (
				9B10A9A8155D5867002A3052 /* InfoPlist.strings in Resources */,
			);
			runOnlyForDeploymentPostprocessing = 0;
		};
/* End PBXResourcesBuildPhase section */

/* Begin PBXShellScriptBuildPhase section */
		9B10A971155D4A0F002A3052 /* Generate AppleDoc */ = {
			isa = PBXShellScriptBuildPhase;
			buildActionMask = 2147483647;
			files = (
			);
			inputPaths = (
			);
			name = "Generate AppleDoc";
			outputPaths = (
			);
			runOnlyForDeploymentPostprocessing = 0;
			shellPath = /bin/sh;
			shellScript = "/usr/local/bin/appledoc \\\n--project-name \"MTDirectionsKit\" \\\n--project-company \"@myell0w\" \\\n--company-id \"at.myell0w\" \\\n--docset-atom-filename \"MTDirectionsKit.atom\" \\\n--docset-feed-url \"http://myell0w.github.com/MTDirectionsKit/%DOCSETATOMFILENAME\" \\\n--docset-package-url \"http://myell0w.github.com/MTDirectionsKit/%DOCSETPACKAGEFILENAME\" \\\n--docset-fallback-url \"http://myell0w.github.com/MTDirectionsKit/\" \\\n--output \"~/Projects/Documentation/MTDirectionsKit\" \\\n--publish-docset \\\n--logformat xcode \\\n--keep-undocumented-objects \\\n--keep-undocumented-members \\\n--keep-intermediate-files \\\n--no-repeat-first-par \\\n--no-warn-invalid-crossref \\\n--ignore \"*.m\" \\\n--ignore \"MTDDirectionsRequest+MTDDirectionsPrivateAPI.h\" \\\n--ignore \"MTDirectionsDemo\" \\\n--ignore \"MTDirectionsKitTest\" \\\n--index-desc \"${PROJECT_DIR}/README.mdown\" \\\n\"${PROJECT_DIR}\"";
		};
		9B10A99B155D5867002A3052 /* ShellScript */ = {
			isa = PBXShellScriptBuildPhase;
			buildActionMask = 2147483647;
			files = (
			);
			inputPaths = (
			);
			outputPaths = (
			);
			runOnlyForDeploymentPostprocessing = 0;
			shellPath = /bin/sh;
			shellScript = "# Run the unit tests in this test bundle.\n\"${SYSTEM_DEVELOPER_DIR}/Tools/RunUnitTests\"\n";
		};
		9BEE27BF155EB19F008A42F8 /* Prepare Framework */ = {
			isa = PBXShellScriptBuildPhase;
			buildActionMask = 2147483647;
			files = (
			);
			inputPaths = (
			);
			name = "Prepare Framework";
			outputPaths = (
			);
			runOnlyForDeploymentPostprocessing = 0;
			shellPath = /bin/sh;
			shellScript = "set -e\n\nmkdir -p \"${BUILT_PRODUCTS_DIR}/${PRODUCT_NAME}.framework/Versions/A/Headers\"\n\n# Link the \"Current\" version to \"A\"\n/bin/ln -sfh A \"${BUILT_PRODUCTS_DIR}/${PRODUCT_NAME}.framework/Versions/Current\"\n/bin/ln -sfh Versions/Current/Headers \"${BUILT_PRODUCTS_DIR}/${PRODUCT_NAME}.framework/Headers\"\n/bin/ln -sfh \"Versions/Current/${PRODUCT_NAME}\" \"${BUILT_PRODUCTS_DIR}/${PRODUCT_NAME}.framework/${PRODUCT_NAME}\"\n\n# The -a ensures that the headers maintain the source modification date so that we don't constantly\n# cause propagating rebuilds of files that import these headers.\n/bin/cp -a \"${TARGET_BUILD_DIR}/${PUBLIC_HEADERS_FOLDER_PATH}/\" \"${BUILT_PRODUCTS_DIR}/${PRODUCT_NAME}.framework/Versions/A/Headers\"";
		};
		9BEE27C6155EB2D2008A42F8 /* Build Fat Framework */ = {
			isa = PBXShellScriptBuildPhase;
			buildActionMask = 2147483647;
			files = (
			);
			inputPaths = (
			);
			name = "Build Fat Framework";
			outputPaths = (
			);
			runOnlyForDeploymentPostprocessing = 0;
			shellPath = /bin/sh;
			shellScript = "set -e\nset +u\n# Avoid recursively calling this script.\nif [[ $SF_MASTER_SCRIPT_RUNNING ]]\nthen\nexit 0\nfi\nset -u\nexport SF_MASTER_SCRIPT_RUNNING=1\n\nSF_TARGET_NAME=${PROJECT_NAME}\nSF_EXECUTABLE_PATH=\"lib${SF_TARGET_NAME}.a\"\nSF_WRAPPER_NAME=\"${SF_TARGET_NAME}.framework\"\n\n# The following conditionals come from\n# https://github.com/kstenerud/iOS-Universal-Framework\n\nif [[ \"$SDK_NAME\" =~ ([A-Za-z]+) ]]\nthen\nSF_SDK_PLATFORM=${BASH_REMATCH[1]}\nelse\necho \"Could not find platform name from SDK_NAME: $SDK_NAME\"\nexit 1\nfi\n\nif [[ \"$SDK_NAME\" =~ ([0-9]+.*$) ]]\nthen\nSF_SDK_VERSION=${BASH_REMATCH[1]}\nelse\necho \"Could not find sdk version from SDK_NAME: $SDK_NAME\"\nexit 1\nfi\n\nif [[ \"$SF_SDK_PLATFORM\" = \"iphoneos\" ]]\nthen\nSF_OTHER_PLATFORM=iphonesimulator\nelse\nSF_OTHER_PLATFORM=iphoneos\nfi\n\nif [[ \"$BUILT_PRODUCTS_DIR\" =~ (.*)$SF_SDK_PLATFORM$ ]]\nthen\nSF_OTHER_BUILT_PRODUCTS_DIR=\"${BASH_REMATCH[1]}${SF_OTHER_PLATFORM}\"\nelse\necho \"Could not find platform name from build products directory: $BUILT_PRODUCTS_DIR\"\nexit 1\nfi\n\n# Build the other platform.\nxcodebuild -project \"${PROJECT_FILE_PATH}\" -target \"${TARGET_NAME}\" -configuration \"${CONFIGURATION}\" -sdk ${SF_OTHER_PLATFORM}${SF_SDK_VERSION} BUILD_DIR=\"${BUILD_DIR}\" OBJROOT=\"${OBJROOT}\" BUILD_ROOT=\"${BUILD_ROOT}\" SYMROOT=\"${SYMROOT}\" $ACTION\n\n# Smash the two static libraries into one fat binary and store it in the .framework\nlipo -create \"${BUILT_PRODUCTS_DIR}/${SF_EXECUTABLE_PATH}\" \"${SF_OTHER_BUILT_PRODUCTS_DIR}/${SF_EXECUTABLE_PATH}\" -output \"${BUILT_PRODUCTS_DIR}/${SF_WRAPPER_NAME}/Versions/A/${SF_TARGET_NAME}\"\n\n# Copy the binary to the other architecture folder to have a complete framework in both.\ncp -a \"${BUILT_PRODUCTS_DIR}/${SF_WRAPPER_NAME}/Versions/A/${SF_TARGET_NAME}\" \"${SF_OTHER_BUILT_PRODUCTS_DIR}/${SF_WRAPPER_NAME}/Versions/A/${SF_TARGET_NAME}\"\n";
		};
/* End PBXShellScriptBuildPhase section */

/* Begin PBXSourcesBuildPhase section */
		9B10A998155D5867002A3052 /* Sources */ = {
			isa = PBXSourcesBuildPhase;
			buildActionMask = 2147483647;
			files = (
				9B10A9AB155D5867002A3052 /* MTDWaypointTest.m in Sources */,
			);
			runOnlyForDeploymentPostprocessing = 0;
		};
		9B6C18BC14A7E18200087893 /* Sources */ = {
			isa = PBXSourcesBuildPhase;
			buildActionMask = 2147483647;
			files = (
				9B10AA2C155D85B8002A3052 /* MTDDirectionsParserMapQuest.m in Sources */,
				9B10AA2E155D85B8002A3052 /* MTDDirectionsRequestMapQuest.m in Sources */,
				9B10AA31155D85B8002A3052 /* MTDDirectionsAPI.m in Sources */,
				9B10AA36155D85B8002A3052 /* MTDWaypoint.m in Sources */,
				9B10AA38155D85B8002A3052 /* MTDDirectionsOverlay.m in Sources */,
				9B10AA3A155D85B8002A3052 /* MTDDirectionsOverlayView.m in Sources */,
				9B10AA3C155D85B8002A3052 /* MTDMapView.m in Sources */,
				9B10AA42155D85B8002A3052 /* MTDDirectionsParser.m in Sources */,
				9B10AA45155D85B8002A3052 /* MTDDirectionsRequest.m in Sources */,
				9BAC0BEC155DE0C40067C1A1 /* MTDFunctions.m in Sources */,
				9BEE26EC155E92FC008A42F8 /* MTDHTTPRequest.m in Sources */,
				9B8A2C1C1560129F00BAAE7B /* MTDXMLElement.m in Sources */,
			);
			runOnlyForDeploymentPostprocessing = 0;
		};
/* End PBXSourcesBuildPhase section */

/* Begin PBXTargetDependency section */
		9B10A970155D4A0B002A3052 /* PBXTargetDependency */ = {
			isa = PBXTargetDependency;
			target = 9B6C18BF14A7E18200087893 /* MTDirectionsKit */;
			targetProxy = 9B10A96F155D4A0B002A3052 /* PBXContainerItemProxy */;
		};
		9B10A9B1155D5876002A3052 /* PBXTargetDependency */ = {
			isa = PBXTargetDependency;
			target = 9B6C18BF14A7E18200087893 /* MTDirectionsKit */;
			targetProxy = 9B10A9B0155D5876002A3052 /* PBXContainerItemProxy */;
		};
		9BEE27C5155EB2C4008A42F8 /* PBXTargetDependency */ = {
			isa = PBXTargetDependency;
			target = 9B6C18BF14A7E18200087893 /* MTDirectionsKit */;
			targetProxy = 9BEE27C4155EB2C4008A42F8 /* PBXContainerItemProxy */;
		};
/* End PBXTargetDependency section */

/* Begin PBXVariantGroup section */
		9B10A9A6155D5867002A3052 /* InfoPlist.strings */ = {
			isa = PBXVariantGroup;
			children = (
				9B10A9A7155D5867002A3052 /* en */,
			);
			name = InfoPlist.strings;
			sourceTree = "<group>";
		};
/* End PBXVariantGroup section */

/* Begin XCBuildConfiguration section */
		9B10A96B155D4A06002A3052 /* Debug */ = {
			isa = XCBuildConfiguration;
			buildSettings = {
				PRODUCT_NAME = "$(TARGET_NAME)";
			};
			name = Debug;
		};
		9B10A96C155D4A06002A3052 /* Release */ = {
			isa = XCBuildConfiguration;
			buildSettings = {
				PRODUCT_NAME = "$(TARGET_NAME)";
			};
			name = Release;
		};
		9B10A9AE155D5867002A3052 /* Debug */ = {
			isa = XCBuildConfiguration;
			buildSettings = {
				FRAMEWORK_SEARCH_PATHS = (
					"$(SDKROOT)/Developer/Library/Frameworks",
					"$(DEVELOPER_LIBRARY_DIR)/Frameworks",
				);
				GCC_PRECOMPILE_PREFIX_HEADER = YES;
				GCC_PREFIX_HEADER = "MTDirectionsKitTest/MTDirectionsKitTest-Prefix.pch";
				GCC_WARN_UNINITIALIZED_AUTOS = YES;
				INFOPLIST_FILE = "MTDirectionsKitTest/MTDirectionsKitTest-Info.plist";
				IPHONEOS_DEPLOYMENT_TARGET = 5.1;
				PRODUCT_NAME = "$(TARGET_NAME)";
				WRAPPER_EXTENSION = octest;
			};
			name = Debug;
		};
		9B10A9AF155D5867002A3052 /* Release */ = {
			isa = XCBuildConfiguration;
			buildSettings = {
				FRAMEWORK_SEARCH_PATHS = (
					"$(SDKROOT)/Developer/Library/Frameworks",
					"$(DEVELOPER_LIBRARY_DIR)/Frameworks",
				);
				GCC_PRECOMPILE_PREFIX_HEADER = YES;
				GCC_PREFIX_HEADER = "MTDirectionsKitTest/MTDirectionsKitTest-Prefix.pch";
				GCC_WARN_UNINITIALIZED_AUTOS = YES;
				INFOPLIST_FILE = "MTDirectionsKitTest/MTDirectionsKitTest-Info.plist";
				IPHONEOS_DEPLOYMENT_TARGET = 5.1;
				PRODUCT_NAME = "$(TARGET_NAME)";
				WRAPPER_EXTENSION = octest;
			};
			name = Release;
		};
		9B6C18CB14A7E18200087893 /* Debug */ = {
			isa = XCBuildConfiguration;
			buildSettings = {
				ALWAYS_SEARCH_USER_PATHS = NO;
				ARCHS = "$(ARCHS_STANDARD_32_BIT)";
				CLANG_ENABLE_OBJC_ARC = YES;
				COPY_PHASE_STRIP = NO;
				GCC_C_LANGUAGE_STANDARD = gnu99;
				GCC_DYNAMIC_NO_PIC = NO;
				GCC_OPTIMIZATION_LEVEL = 0;
				GCC_PREPROCESSOR_DEFINITIONS = (
					"DEBUG=1",
					"$(inherited)",
				);
				GCC_SYMBOLS_PRIVATE_EXTERN = NO;
				GCC_VERSION = com.apple.compilers.llvm.clang.1_0;
				GCC_WARN_ABOUT_MISSING_PROTOTYPES = YES;
				GCC_WARN_ABOUT_RETURN_TYPE = YES;
				GCC_WARN_UNUSED_VARIABLE = YES;
				HEADER_SEARCH_PATHS = "$(SDK_ROOT)/usr/include/libxml2/**";
				IPHONEOS_DEPLOYMENT_TARGET = 4.0;
				SDKROOT = iphoneos;
			};
			name = Debug;
		};
		9B6C18CC14A7E18200087893 /* Release */ = {
			isa = XCBuildConfiguration;
			buildSettings = {
				ALWAYS_SEARCH_USER_PATHS = NO;
				ARCHS = "$(ARCHS_STANDARD_32_BIT)";
				CLANG_ENABLE_OBJC_ARC = YES;
				COPY_PHASE_STRIP = YES;
				GCC_C_LANGUAGE_STANDARD = gnu99;
				GCC_VERSION = com.apple.compilers.llvm.clang.1_0;
				GCC_WARN_ABOUT_MISSING_PROTOTYPES = YES;
				GCC_WARN_ABOUT_RETURN_TYPE = YES;
				GCC_WARN_UNUSED_VARIABLE = YES;
				HEADER_SEARCH_PATHS = "$(SDK_ROOT)/usr/include/libxml2/**";
				IPHONEOS_DEPLOYMENT_TARGET = 4.0;
				SDKROOT = iphoneos;
				VALIDATE_PRODUCT = YES;
			};
			name = Release;
		};
		9B6C18CE14A7E18200087893 /* Debug */ = {
			isa = XCBuildConfiguration;
			buildSettings = {
				ARCHS = (
					i386,
					armv7,
				);
				COPY_PHASE_STRIP = NO;
				DEAD_CODE_STRIPPING = NO;
				DSTROOT = /tmp/MTDirections.dst;
				GCC_PRECOMPILE_PREFIX_HEADER = YES;
				GCC_PREFIX_HEADER = MTDirectionsKit/Prefix.pch;
				OTHER_LDFLAGS = "";
				PRODUCT_NAME = "$(TARGET_NAME)";
				PUBLIC_HEADERS_FOLDER_PATH = "$(PROJECT_NAME)Headers";
				SKIP_INSTALL = YES;
				STRIP_STYLE = "non-global";
			};
			name = Debug;
		};
		9B6C18CF14A7E18200087893 /* Release */ = {
			isa = XCBuildConfiguration;
			buildSettings = {
				ARCHS = (
					i386,
					armv7,
				);
				COPY_PHASE_STRIP = NO;
				DEAD_CODE_STRIPPING = NO;
				DSTROOT = /tmp/MTDirections.dst;
				GCC_PRECOMPILE_PREFIX_HEADER = YES;
				GCC_PREFIX_HEADER = MTDirectionsKit/Prefix.pch;
				OTHER_LDFLAGS = "";
				PRODUCT_NAME = "$(TARGET_NAME)";
				PUBLIC_HEADERS_FOLDER_PATH = "$(PROJECT_NAME)Headers";
				SKIP_INSTALL = YES;
				STRIP_STYLE = "non-global";
			};
			name = Release;
		};
		9BEE27C2155EB2B8008A42F8 /* Debug */ = {
			isa = XCBuildConfiguration;
			buildSettings = {
				PRODUCT_NAME = "$(TARGET_NAME)";
			};
			name = Debug;
		};
		9BEE27C3155EB2B8008A42F8 /* Release */ = {
			isa = XCBuildConfiguration;
			buildSettings = {
				PRODUCT_NAME = "$(TARGET_NAME)";
			};
			name = Release;
		};
/* End XCBuildConfiguration section */

/* Begin XCConfigurationList section */
		9B10A96D155D4A06002A3052 /* Build configuration list for PBXAggregateTarget "Documentation" */ = {
			isa = XCConfigurationList;
			buildConfigurations = (
				9B10A96B155D4A06002A3052 /* Debug */,
				9B10A96C155D4A06002A3052 /* Release */,
			);
			defaultConfigurationIsVisible = 0;
			defaultConfigurationName = Release;
		};
		9B10A9AD155D5867002A3052 /* Build configuration list for PBXNativeTarget "MTDirectionsKitTest" */ = {
			isa = XCConfigurationList;
			buildConfigurations = (
				9B10A9AE155D5867002A3052 /* Debug */,
				9B10A9AF155D5867002A3052 /* Release */,
			);
			defaultConfigurationIsVisible = 0;
			defaultConfigurationName = Release;
		};
		9B6C18BA14A7E18200087893 /* Build configuration list for PBXProject "MTDirectionsKit" */ = {
			isa = XCConfigurationList;
			buildConfigurations = (
				9B6C18CB14A7E18200087893 /* Debug */,
				9B6C18CC14A7E18200087893 /* Release */,
			);
			defaultConfigurationIsVisible = 0;
			defaultConfigurationName = Release;
		};
		9B6C18CD14A7E18200087893 /* Build configuration list for PBXNativeTarget "MTDirectionsKit" */ = {
			isa = XCConfigurationList;
			buildConfigurations = (
				9B6C18CE14A7E18200087893 /* Debug */,
				9B6C18CF14A7E18200087893 /* Release */,
			);
			defaultConfigurationIsVisible = 0;
			defaultConfigurationName = Release;
		};
		9BEE27C1155EB2B8008A42F8 /* Build configuration list for PBXAggregateTarget "Framework" */ = {
			isa = XCConfigurationList;
			buildConfigurations = (
				9BEE27C2155EB2B8008A42F8 /* Debug */,
				9BEE27C3155EB2B8008A42F8 /* Release */,
			);
			defaultConfigurationIsVisible = 0;
			defaultConfigurationName = Release;
		};
/* End XCConfigurationList section */
	};
	rootObject = 9B6C18B714A7E18200087893 /* Project object */;
}
