// !$*UTF8*$!
{
	archiveVersion = 1;
	classes = {
	};
	objectVersion = 46;
	objects = {

/* Begin PBXBuildFile section */
		9B34E0D414B5F10F000E9C5D /* MTManeuver.h in Headers */ = {isa = PBXBuildFile; fileRef = 9B34E0D214B5F10F000E9C5D /* MTManeuver.h */; };
		9B34E0D514B5F10F000E9C5D /* MTManeuver.m in Sources */ = {isa = PBXBuildFile; fileRef = 9B34E0D314B5F10F000E9C5D /* MTManeuver.m */; };
		9B6C18C414A7E18200087893 /* Foundation.framework in Frameworks */ = {isa = PBXBuildFile; fileRef = 9B6C18C314A7E18200087893 /* Foundation.framework */; };
		9B6C18DA14A7E20900087893 /* MTHTTPFetcher.h in Headers */ = {isa = PBXBuildFile; fileRef = 9B6C18D114A7E20900087893 /* MTHTTPFetcher.h */; };
		9B6C18DB14A7E20900087893 /* MTHTTPFetcher.m in Sources */ = {isa = PBXBuildFile; fileRef = 9B6C18D214A7E20900087893 /* MTHTTPFetcher.m */; };
		9B6C18E014A7E20900087893 /* MTXPathResultNode.h in Headers */ = {isa = PBXBuildFile; fileRef = 9B6C18D714A7E20900087893 /* MTXPathResultNode.h */; };
		9B6C18E114A7E20900087893 /* MTXPathResultNode.m in Sources */ = {isa = PBXBuildFile; fileRef = 9B6C18D814A7E20900087893 /* MTXPathResultNode.m */; };
		9B6C18F214A7E24200087893 /* MTDirections.h in Headers */ = {isa = PBXBuildFile; fileRef = 9B6C18F114A7E24200087893 /* MTDirections.h */; };
		9B6C18F414A7E40A00087893 /* libxml2.dylib in Frameworks */ = {isa = PBXBuildFile; fileRef = 9B6C18F314A7E40A00087893 /* libxml2.dylib */; };
		9BB7005014AA6B24001642E7 /* MTDirectionsRequestMapQuest.h in Headers */ = {isa = PBXBuildFile; fileRef = 9BB7003D14AA6B24001642E7 /* MTDirectionsRequestMapQuest.h */; };
		9BB7005114AA6B24001642E7 /* MTDirectionsRequestMapQuest.m in Sources */ = {isa = PBXBuildFile; fileRef = 9BB7003E14AA6B24001642E7 /* MTDirectionsRequestMapQuest.m */; };
		9BB7005214AA6B24001642E7 /* MTDirectionsParserMapQuest.h in Headers */ = {isa = PBXBuildFile; fileRef = 9BB7003F14AA6B24001642E7 /* MTDirectionsParserMapQuest.h */; };
		9BB7005314AA6B24001642E7 /* MTDirectionsParserMapQuest.m in Sources */ = {isa = PBXBuildFile; fileRef = 9BB7004014AA6B24001642E7 /* MTDirectionsParserMapQuest.m */; };
		9BB7005414AA6B24001642E7 /* MTDirectionsRouteType+MapQuest.h in Headers */ = {isa = PBXBuildFile; fileRef = 9BB7004114AA6B24001642E7 /* MTDirectionsRouteType+MapQuest.h */; };
		9BB7005514AA6B24001642E7 /* MKMapView+MTDirections.h in Headers */ = {isa = PBXBuildFile; fileRef = 9BB7004314AA6B24001642E7 /* MKMapView+MTDirections.h */; };
		9BB7005614AA6B24001642E7 /* MKMapView+MTDirections.m in Sources */ = {isa = PBXBuildFile; fileRef = 9BB7004414AA6B24001642E7 /* MKMapView+MTDirections.m */; };
		9BB7005714AA6B24001642E7 /* MTDirectionsAPI.h in Headers */ = {isa = PBXBuildFile; fileRef = 9BB7004514AA6B24001642E7 /* MTDirectionsAPI.h */; };
		9BB7005814AA6B24001642E7 /* MTDirectionsDefines.h in Headers */ = {isa = PBXBuildFile; fileRef = 9BB7004614AA6B24001642E7 /* MTDirectionsDefines.h */; };
		9BB7005914AA6B24001642E7 /* MTDirectionsOverlay.h in Headers */ = {isa = PBXBuildFile; fileRef = 9BB7004714AA6B24001642E7 /* MTDirectionsOverlay.h */; };
		9BB7005A14AA6B24001642E7 /* MTDirectionsOverlay.m in Sources */ = {isa = PBXBuildFile; fileRef = 9BB7004814AA6B24001642E7 /* MTDirectionsOverlay.m */; };
		9BB7005B14AA6B24001642E7 /* MTDirectionsParser.h in Headers */ = {isa = PBXBuildFile; fileRef = 9BB7004914AA6B24001642E7 /* MTDirectionsParser.h */; };
		9BB7005C14AA6B24001642E7 /* MTDirectionsParser.m in Sources */ = {isa = PBXBuildFile; fileRef = 9BB7004A14AA6B24001642E7 /* MTDirectionsParser.m */; };
		9BB7005D14AA6B24001642E7 /* MTDirectionsRequest.h in Headers */ = {isa = PBXBuildFile; fileRef = 9BB7004B14AA6B24001642E7 /* MTDirectionsRequest.h */; };
		9BB7005E14AA6B24001642E7 /* MTDirectionsRequest.m in Sources */ = {isa = PBXBuildFile; fileRef = 9BB7004C14AA6B24001642E7 /* MTDirectionsRequest.m */; };
		9BB7005F14AA6B24001642E7 /* MTDirectionsRouteType.h in Headers */ = {isa = PBXBuildFile; fileRef = 9BB7004D14AA6B24001642E7 /* MTDirectionsRouteType.h */; };
		9BB7006014AA6B24001642E7 /* MTWaypoint.h in Headers */ = {isa = PBXBuildFile; fileRef = 9BB7004E14AA6B24001642E7 /* MTWaypoint.h */; };
		9BB7006114AA6B24001642E7 /* MTWaypoint.m in Sources */ = {isa = PBXBuildFile; fileRef = 9BB7004F14AA6B24001642E7 /* MTWaypoint.m */; };
		9BEF056B14AD1BD1002D6008 /* MTDirectionsOverlayView.h in Headers */ = {isa = PBXBuildFile; fileRef = 9BEF056914AD1BD1002D6008 /* MTDirectionsOverlayView.h */; };
		9BEF056C14AD1BD1002D6008 /* MTDirectionsOverlayView.m in Sources */ = {isa = PBXBuildFile; fileRef = 9BEF056A14AD1BD1002D6008 /* MTDirectionsOverlayView.m */; };
/* End PBXBuildFile section */

/* Begin PBXFileReference section */
		9B34E0D214B5F10F000E9C5D /* MTManeuver.h */ = {isa = PBXFileReference; fileEncoding = 4; lastKnownFileType = sourcecode.c.h; path = MTManeuver.h; sourceTree = "<group>"; };
		9B34E0D314B5F10F000E9C5D /* MTManeuver.m */ = {isa = PBXFileReference; fileEncoding = 4; lastKnownFileType = sourcecode.c.objc; path = MTManeuver.m; sourceTree = "<group>"; };
		9B6C18C014A7E18200087893 /* libMTDirections.a */ = {isa = PBXFileReference; explicitFileType = archive.ar; includeInIndex = 0; path = libMTDirections.a; sourceTree = BUILT_PRODUCTS_DIR; };
		9B6C18C314A7E18200087893 /* Foundation.framework */ = {isa = PBXFileReference; lastKnownFileType = wrapper.framework; name = Foundation.framework; path = System/Library/Frameworks/Foundation.framework; sourceTree = SDKROOT; };
		9B6C18C714A7E18200087893 /* Prefix.pch */ = {isa = PBXFileReference; lastKnownFileType = sourcecode.c.h; path = Prefix.pch; sourceTree = "<group>"; };
		9B6C18D114A7E20900087893 /* MTHTTPFetcher.h */ = {isa = PBXFileReference; fileEncoding = 4; lastKnownFileType = sourcecode.c.h; path = MTHTTPFetcher.h; sourceTree = "<group>"; };
		9B6C18D214A7E20900087893 /* MTHTTPFetcher.m */ = {isa = PBXFileReference; fileEncoding = 4; lastKnownFileType = sourcecode.c.objc; path = MTHTTPFetcher.m; sourceTree = "<group>"; };
		9B6C18D714A7E20900087893 /* MTXPathResultNode.h */ = {isa = PBXFileReference; fileEncoding = 4; lastKnownFileType = sourcecode.c.h; path = MTXPathResultNode.h; sourceTree = "<group>"; };
		9B6C18D814A7E20900087893 /* MTXPathResultNode.m */ = {isa = PBXFileReference; fileEncoding = 4; lastKnownFileType = sourcecode.c.objc; path = MTXPathResultNode.m; sourceTree = "<group>"; };
		9B6C18F114A7E24200087893 /* MTDirections.h */ = {isa = PBXFileReference; fileEncoding = 4; lastKnownFileType = sourcecode.c.h; path = MTDirections.h; sourceTree = "<group>"; };
		9B6C18F314A7E40A00087893 /* libxml2.dylib */ = {isa = PBXFileReference; lastKnownFileType = "compiled.mach-o.dylib"; name = libxml2.dylib; path = usr/lib/libxml2.dylib; sourceTree = SDKROOT; };
		9BB7003D14AA6B24001642E7 /* MTDirectionsRequestMapQuest.h */ = {isa = PBXFileReference; fileEncoding = 4; lastKnownFileType = sourcecode.c.h; path = MTDirectionsRequestMapQuest.h; sourceTree = "<group>"; };
		9BB7003E14AA6B24001642E7 /* MTDirectionsRequestMapQuest.m */ = {isa = PBXFileReference; fileEncoding = 4; lastKnownFileType = sourcecode.c.objc; path = MTDirectionsRequestMapQuest.m; sourceTree = "<group>"; };
		9BB7003F14AA6B24001642E7 /* MTDirectionsParserMapQuest.h */ = {isa = PBXFileReference; fileEncoding = 4; lastKnownFileType = sourcecode.c.h; path = MTDirectionsParserMapQuest.h; sourceTree = "<group>"; };
		9BB7004014AA6B24001642E7 /* MTDirectionsParserMapQuest.m */ = {isa = PBXFileReference; fileEncoding = 4; lastKnownFileType = sourcecode.c.objc; path = MTDirectionsParserMapQuest.m; sourceTree = "<group>"; };
		9BB7004114AA6B24001642E7 /* MTDirectionsRouteType+MapQuest.h */ = {isa = PBXFileReference; fileEncoding = 4; lastKnownFileType = sourcecode.c.h; path = "MTDirectionsRouteType+MapQuest.h"; sourceTree = "<group>"; };
		9BB7004314AA6B24001642E7 /* MKMapView+MTDirections.h */ = {isa = PBXFileReference; fileEncoding = 4; lastKnownFileType = sourcecode.c.h; path = "MKMapView+MTDirections.h"; sourceTree = "<group>"; };
		9BB7004414AA6B24001642E7 /* MKMapView+MTDirections.m */ = {isa = PBXFileReference; fileEncoding = 4; lastKnownFileType = sourcecode.c.objc; path = "MKMapView+MTDirections.m"; sourceTree = "<group>"; };
		9BB7004514AA6B24001642E7 /* MTDirectionsAPI.h */ = {isa = PBXFileReference; fileEncoding = 4; lastKnownFileType = sourcecode.c.h; path = MTDirectionsAPI.h; sourceTree = "<group>"; };
		9BB7004614AA6B24001642E7 /* MTDirectionsDefines.h */ = {isa = PBXFileReference; fileEncoding = 4; lastKnownFileType = sourcecode.c.h; path = MTDirectionsDefines.h; sourceTree = "<group>"; };
		9BB7004714AA6B24001642E7 /* MTDirectionsOverlay.h */ = {isa = PBXFileReference; fileEncoding = 4; lastKnownFileType = sourcecode.c.h; path = MTDirectionsOverlay.h; sourceTree = "<group>"; };
		9BB7004814AA6B24001642E7 /* MTDirectionsOverlay.m */ = {isa = PBXFileReference; fileEncoding = 4; lastKnownFileType = sourcecode.c.objc; path = MTDirectionsOverlay.m; sourceTree = "<group>"; };
		9BB7004914AA6B24001642E7 /* MTDirectionsParser.h */ = {isa = PBXFileReference; fileEncoding = 4; lastKnownFileType = sourcecode.c.h; path = MTDirectionsParser.h; sourceTree = "<group>"; };
		9BB7004A14AA6B24001642E7 /* MTDirectionsParser.m */ = {isa = PBXFileReference; fileEncoding = 4; lastKnownFileType = sourcecode.c.objc; path = MTDirectionsParser.m; sourceTree = "<group>"; };
		9BB7004B14AA6B24001642E7 /* MTDirectionsRequest.h */ = {isa = PBXFileReference; fileEncoding = 4; lastKnownFileType = sourcecode.c.h; path = MTDirectionsRequest.h; sourceTree = "<group>"; };
		9BB7004C14AA6B24001642E7 /* MTDirectionsRequest.m */ = {isa = PBXFileReference; fileEncoding = 4; lastKnownFileType = sourcecode.c.objc; path = MTDirectionsRequest.m; sourceTree = "<group>"; };
		9BB7004D14AA6B24001642E7 /* MTDirectionsRouteType.h */ = {isa = PBXFileReference; fileEncoding = 4; lastKnownFileType = sourcecode.c.h; path = MTDirectionsRouteType.h; sourceTree = "<group>"; };
		9BB7004E14AA6B24001642E7 /* MTWaypoint.h */ = {isa = PBXFileReference; fileEncoding = 4; lastKnownFileType = sourcecode.c.h; path = MTWaypoint.h; sourceTree = "<group>"; };
		9BB7004F14AA6B24001642E7 /* MTWaypoint.m */ = {isa = PBXFileReference; fileEncoding = 4; lastKnownFileType = sourcecode.c.objc; path = MTWaypoint.m; sourceTree = "<group>"; };
		9BEF056914AD1BD1002D6008 /* MTDirectionsOverlayView.h */ = {isa = PBXFileReference; fileEncoding = 4; lastKnownFileType = sourcecode.c.h; path = MTDirectionsOverlayView.h; sourceTree = "<group>"; };
		9BEF056A14AD1BD1002D6008 /* MTDirectionsOverlayView.m */ = {isa = PBXFileReference; fileEncoding = 4; lastKnownFileType = sourcecode.c.objc; path = MTDirectionsOverlayView.m; sourceTree = "<group>"; };
/* End PBXFileReference section */

/* Begin PBXFrameworksBuildPhase section */
		9B6C18BD14A7E18200087893 /* Frameworks */ = {
			isa = PBXFrameworksBuildPhase;
			buildActionMask = 2147483647;
			files = (
				9B6C18F414A7E40A00087893 /* libxml2.dylib in Frameworks */,
				9B6C18C414A7E18200087893 /* Foundation.framework in Frameworks */,
			);
			runOnlyForDeploymentPostprocessing = 0;
		};
/* End PBXFrameworksBuildPhase section */

/* Begin PBXGroup section */
		9B6C18B514A7E18200087893 = {
			isa = PBXGroup;
			children = (
				9B6C18C514A7E18200087893 /* MTDirections */,
				9B6C18C214A7E18200087893 /* Frameworks */,
				9B6C18C114A7E18200087893 /* Products */,
			);
			sourceTree = "<group>";
		};
		9B6C18C114A7E18200087893 /* Products */ = {
			isa = PBXGroup;
			children = (
				9B6C18C014A7E18200087893 /* libMTDirections.a */,
			);
			name = Products;
			sourceTree = "<group>";
		};
		9B6C18C214A7E18200087893 /* Frameworks */ = {
			isa = PBXGroup;
			children = (
				9B6C18F314A7E40A00087893 /* libxml2.dylib */,
				9B6C18C314A7E18200087893 /* Foundation.framework */,
			);
			name = Frameworks;
			sourceTree = "<group>";
		};
		9B6C18C514A7E18200087893 /* MTDirections */ = {
			isa = PBXGroup;
			children = (
				9BB7004214AA6B24001642E7 /* MTDirections */,
				9BB7003B14AA6B24001642E7 /* APIs */,
				9B6C18D014A7E20900087893 /* MTHTTPFetcher */,
				9B6C18C614A7E18200087893 /* Supporting Files */,
			);
			path = MTDirections;
			sourceTree = "<group>";
		};
		9B6C18C614A7E18200087893 /* Supporting Files */ = {
			isa = PBXGroup;
			children = (
				9B6C18F114A7E24200087893 /* MTDirections.h */,
				9B6C18C714A7E18200087893 /* Prefix.pch */,
			);
			name = "Supporting Files";
			sourceTree = "<group>";
		};
		9B6C18D014A7E20900087893 /* MTHTTPFetcher */ = {
			isa = PBXGroup;
			children = (
				9B6C18D114A7E20900087893 /* MTHTTPFetcher.h */,
				9B6C18D214A7E20900087893 /* MTHTTPFetcher.m */,
				9B6C18D714A7E20900087893 /* MTXPathResultNode.h */,
				9B6C18D814A7E20900087893 /* MTXPathResultNode.m */,
			);
			path = MTHTTPFetcher;
			sourceTree = "<group>";
		};
		9BB7003B14AA6B24001642E7 /* APIs */ = {
			isa = PBXGroup;
			children = (
				9BB7003C14AA6B24001642E7 /* MapQuest */,
			);
			path = APIs;
			sourceTree = "<group>";
		};
		9BB7003C14AA6B24001642E7 /* MapQuest */ = {
			isa = PBXGroup;
			children = (
				9BB7003D14AA6B24001642E7 /* MTDirectionsRequestMapQuest.h */,
				9BB7003E14AA6B24001642E7 /* MTDirectionsRequestMapQuest.m */,
				9BB7003F14AA6B24001642E7 /* MTDirectionsParserMapQuest.h */,
				9BB7004014AA6B24001642E7 /* MTDirectionsParserMapQuest.m */,
				9BB7004114AA6B24001642E7 /* MTDirectionsRouteType+MapQuest.h */,
			);
			path = MapQuest;
			sourceTree = "<group>";
		};
		9BB7004214AA6B24001642E7 /* MTDirections */ = {
			isa = PBXGroup;
			children = (
				9BB7004314AA6B24001642E7 /* MKMapView+MTDirections.h */,
				9BB7004414AA6B24001642E7 /* MKMapView+MTDirections.m */,
				9BB7004514AA6B24001642E7 /* MTDirectionsAPI.h */,
				9BB7004614AA6B24001642E7 /* MTDirectionsDefines.h */,
				9BB7004714AA6B24001642E7 /* MTDirectionsOverlay.h */,
				9BB7004814AA6B24001642E7 /* MTDirectionsOverlay.m */,
				9BB7004914AA6B24001642E7 /* MTDirectionsParser.h */,
				9BB7004A14AA6B24001642E7 /* MTDirectionsParser.m */,
				9BB7004B14AA6B24001642E7 /* MTDirectionsRequest.h */,
				9BB7004C14AA6B24001642E7 /* MTDirectionsRequest.m */,
				9BB7004D14AA6B24001642E7 /* MTDirectionsRouteType.h */,
				9BB7004E14AA6B24001642E7 /* MTWaypoint.h */,
				9BB7004F14AA6B24001642E7 /* MTWaypoint.m */,
				9BEF056914AD1BD1002D6008 /* MTDirectionsOverlayView.h */,
				9BEF056A14AD1BD1002D6008 /* MTDirectionsOverlayView.m */,
				9B34E0D214B5F10F000E9C5D /* MTManeuver.h */,
				9B34E0D314B5F10F000E9C5D /* MTManeuver.m */,
			);
			path = MTDirections;
			sourceTree = "<group>";
		};
/* End PBXGroup section */

/* Begin PBXHeadersBuildPhase section */
		9B6C18BE14A7E18200087893 /* Headers */ = {
			isa = PBXHeadersBuildPhase;
			buildActionMask = 2147483647;
			files = (
				9B6C18DA14A7E20900087893 /* MTHTTPFetcher.h in Headers */,
				9B6C18E014A7E20900087893 /* MTXPathResultNode.h in Headers */,
				9B6C18F214A7E24200087893 /* MTDirections.h in Headers */,
				9BB7005014AA6B24001642E7 /* MTDirectionsRequestMapQuest.h in Headers */,
				9BB7005214AA6B24001642E7 /* MTDirectionsParserMapQuest.h in Headers */,
				9BB7005414AA6B24001642E7 /* MTDirectionsRouteType+MapQuest.h in Headers */,
				9BB7005514AA6B24001642E7 /* MKMapView+MTDirections.h in Headers */,
				9BB7005714AA6B24001642E7 /* MTDirectionsAPI.h in Headers */,
				9BB7005814AA6B24001642E7 /* MTDirectionsDefines.h in Headers */,
				9BB7005914AA6B24001642E7 /* MTDirectionsOverlay.h in Headers */,
				9BB7005B14AA6B24001642E7 /* MTDirectionsParser.h in Headers */,
				9BB7005D14AA6B24001642E7 /* MTDirectionsRequest.h in Headers */,
				9BB7005F14AA6B24001642E7 /* MTDirectionsRouteType.h in Headers */,
				9BB7006014AA6B24001642E7 /* MTWaypoint.h in Headers */,
				9BEF056B14AD1BD1002D6008 /* MTDirectionsOverlayView.h in Headers */,
				9B34E0D414B5F10F000E9C5D /* MTManeuver.h in Headers */,
			);
			runOnlyForDeploymentPostprocessing = 0;
		};
/* End PBXHeadersBuildPhase section */

/* Begin PBXNativeTarget section */
		9B6C18BF14A7E18200087893 /* MTDirections */ = {
			isa = PBXNativeTarget;
			buildConfigurationList = 9B6C18CD14A7E18200087893 /* Build configuration list for PBXNativeTarget "MTDirections" */;
			buildPhases = (
				9B6C18BC14A7E18200087893 /* Sources */,
				9B6C18BD14A7E18200087893 /* Frameworks */,
				9B6C18BE14A7E18200087893 /* Headers */,
			);
			buildRules = (
			);
			dependencies = (
			);
			name = MTDirections;
			productName = MTDirections;
			productReference = 9B6C18C014A7E18200087893 /* libMTDirections.a */;
			productType = "com.apple.product-type.library.static";
		};
/* End PBXNativeTarget section */

/* Begin PBXProject section */
		9B6C18B714A7E18200087893 /* Project object */ = {
			isa = PBXProject;
			attributes = {
				LastUpgradeCheck = 0420;
				ORGANIZATIONNAME = "NOUS Wissensmanagement GmbH";
			};
			buildConfigurationList = 9B6C18BA14A7E18200087893 /* Build configuration list for PBXProject "MTDirections" */;
			compatibilityVersion = "Xcode 3.2";
			developmentRegion = English;
			hasScannedForEncodings = 0;
			knownRegions = (
				en,
			);
			mainGroup = 9B6C18B514A7E18200087893;
			productRefGroup = 9B6C18C114A7E18200087893 /* Products */;
			projectDirPath = "";
			projectRoot = "";
			targets = (
				9B6C18BF14A7E18200087893 /* MTDirections */,
			);
		};
/* End PBXProject section */

/* Begin PBXSourcesBuildPhase section */
		9B6C18BC14A7E18200087893 /* Sources */ = {
			isa = PBXSourcesBuildPhase;
			buildActionMask = 2147483647;
			files = (
				9B6C18DB14A7E20900087893 /* MTHTTPFetcher.m in Sources */,
				9B6C18E114A7E20900087893 /* MTXPathResultNode.m in Sources */,
				9BB7005114AA6B24001642E7 /* MTDirectionsRequestMapQuest.m in Sources */,
				9BB7005314AA6B24001642E7 /* MTDirectionsParserMapQuest.m in Sources */,
				9BB7005614AA6B24001642E7 /* MKMapView+MTDirections.m in Sources */,
				9BB7005A14AA6B24001642E7 /* MTDirectionsOverlay.m in Sources */,
				9BB7005C14AA6B24001642E7 /* MTDirectionsParser.m in Sources */,
				9BB7005E14AA6B24001642E7 /* MTDirectionsRequest.m in Sources */,
				9BB7006114AA6B24001642E7 /* MTWaypoint.m in Sources */,
				9BEF056C14AD1BD1002D6008 /* MTDirectionsOverlayView.m in Sources */,
				9B34E0D514B5F10F000E9C5D /* MTManeuver.m in Sources */,
			);
			runOnlyForDeploymentPostprocessing = 0;
		};
/* End PBXSourcesBuildPhase section */

/* Begin XCBuildConfiguration section */
		9B6C18CB14A7E18200087893 /* Debug */ = {
			isa = XCBuildConfiguration;
			buildSettings = {
				ALWAYS_SEARCH_USER_PATHS = NO;
				ARCHS = "$(ARCHS_STANDARD_32_BIT)";
				CLANG_ENABLE_OBJC_ARC = YES;
				COPY_PHASE_STRIP = NO;
				GCC_C_LANGUAGE_STANDARD = gnu99;
				GCC_DYNAMIC_NO_PIC = NO;
				GCC_OPTIMIZATION_LEVEL = 0;
				GCC_PREPROCESSOR_DEFINITIONS = (
					"DEBUG=1",
					"$(inherited)",
				);
				GCC_SYMBOLS_PRIVATE_EXTERN = NO;
				GCC_VERSION = com.apple.compilers.llvm.clang.1_0;
				GCC_WARN_ABOUT_MISSING_PROTOTYPES = YES;
				GCC_WARN_ABOUT_RETURN_TYPE = YES;
				GCC_WARN_UNUSED_VARIABLE = YES;
				HEADER_SEARCH_PATHS = "$(SDK_ROOT)/usr/include/libxml2/**";
				IPHONEOS_DEPLOYMENT_TARGET = 5.0;
				SDKROOT = iphoneos;
			};
			name = Debug;
		};
		9B6C18CC14A7E18200087893 /* Release */ = {
			isa = XCBuildConfiguration;
			buildSettings = {
				ALWAYS_SEARCH_USER_PATHS = NO;
				ARCHS = "$(ARCHS_STANDARD_32_BIT)";
				CLANG_ENABLE_OBJC_ARC = YES;
				COPY_PHASE_STRIP = YES;
				GCC_C_LANGUAGE_STANDARD = gnu99;
				GCC_VERSION = com.apple.compilers.llvm.clang.1_0;
				GCC_WARN_ABOUT_MISSING_PROTOTYPES = YES;
				GCC_WARN_ABOUT_RETURN_TYPE = YES;
				GCC_WARN_UNUSED_VARIABLE = YES;
				HEADER_SEARCH_PATHS = "$(SDK_ROOT)/usr/include/libxml2/**";
				IPHONEOS_DEPLOYMENT_TARGET = 5.0;
				SDKROOT = iphoneos;
				VALIDATE_PRODUCT = YES;
			};
			name = Release;
		};
		9B6C18CE14A7E18200087893 /* Debug */ = {
			isa = XCBuildConfiguration;
			buildSettings = {
				ARCHS = (
					i386,
					armv7,
				);
				DSTROOT = /tmp/MTDirections.dst;
				GCC_PRECOMPILE_PREFIX_HEADER = YES;
				GCC_PREFIX_HEADER = MTDirections/Prefix.pch;
				OTHER_LDFLAGS = "-ObjC";
				PRODUCT_NAME = "$(TARGET_NAME)";
				SKIP_INSTALL = YES;
			};
			name = Debug;
		};
		9B6C18CF14A7E18200087893 /* Release */ = {
			isa = XCBuildConfiguration;
			buildSettings = {
				ARCHS = (
					i386,
					armv7,
				);
				DSTROOT = /tmp/MTDirections.dst;
				GCC_PRECOMPILE_PREFIX_HEADER = YES;
				GCC_PREFIX_HEADER = MTDirections/Prefix.pch;
				OTHER_LDFLAGS = "-ObjC";
				PRODUCT_NAME = "$(TARGET_NAME)";
				SKIP_INSTALL = YES;
			};
			name = Release;
		};
/* End XCBuildConfiguration section */

/* Begin XCConfigurationList section */
		9B6C18BA14A7E18200087893 /* Build configuration list for PBXProject "MTDirections" */ = {
			isa = XCConfigurationList;
			buildConfigurations = (
				9B6C18CB14A7E18200087893 /* Debug */,
				9B6C18CC14A7E18200087893 /* Release */,
			);
			defaultConfigurationIsVisible = 0;
			defaultConfigurationName = Release;
		};
		9B6C18CD14A7E18200087893 /* Build configuration list for PBXNativeTarget "MTDirections" */ = {
			isa = XCConfigurationList;
			buildConfigurations = (
				9B6C18CE14A7E18200087893 /* Debug */,
				9B6C18CF14A7E18200087893 /* Release */,
			);
			defaultConfigurationIsVisible = 0;
			defaultConfigurationName = Release;
		};
/* End XCConfigurationList section */
	};
	rootObject = 9B6C18B714A7E18200087893 /* Project object */;
}
