// !$*UTF8*$!
{
	archiveVersion = 1;
	classes = {
	};
	objectVersion = 46;
	objects = {

/* Begin PBXBuildFile section */
		9B64770714A8EFC500D36412 /* MTDirectionRouteType+MapQuest.h in Headers */ = {isa = PBXBuildFile; fileRef = 9B64770614A8EFC500D36412 /* MTDirectionRouteType+MapQuest.h */; };
		9B64770E14A8F00000D36412 /* MKMapView+MTDirections.h in Headers */ = {isa = PBXBuildFile; fileRef = 9B64770914A8F00000D36412 /* MKMapView+MTDirections.h */; };
		9B64770F14A8F00000D36412 /* MKMapView+MTDirections.m in Sources */ = {isa = PBXBuildFile; fileRef = 9B64770A14A8F00000D36412 /* MKMapView+MTDirections.m */; };
		9B64771014A8F00000D36412 /* MTDirectionRouteType.h in Headers */ = {isa = PBXBuildFile; fileRef = 9B64770B14A8F00000D36412 /* MTDirectionRouteType.h */; };
		9B64771114A8F00000D36412 /* MTWaypoint.h in Headers */ = {isa = PBXBuildFile; fileRef = 9B64770C14A8F00000D36412 /* MTWaypoint.h */; };
		9B64771214A8F00000D36412 /* MTWaypoint.m in Sources */ = {isa = PBXBuildFile; fileRef = 9B64770D14A8F00000D36412 /* MTWaypoint.m */; };
		9B64771414A8F04300D36412 /* MTDirectionAPI.h in Headers */ = {isa = PBXBuildFile; fileRef = 9B64771314A8F04300D36412 /* MTDirectionAPI.h */; };
		9B6C18C414A7E18200087893 /* Foundation.framework in Frameworks */ = {isa = PBXBuildFile; fileRef = 9B6C18C314A7E18200087893 /* Foundation.framework */; };
		9B6C18DA14A7E20900087893 /* MTHTTPFetcher.h in Headers */ = {isa = PBXBuildFile; fileRef = 9B6C18D114A7E20900087893 /* MTHTTPFetcher.h */; };
		9B6C18DB14A7E20900087893 /* MTHTTPFetcher.m in Sources */ = {isa = PBXBuildFile; fileRef = 9B6C18D214A7E20900087893 /* MTHTTPFetcher.m */; };
		9B6C18DE14A7E20900087893 /* MTXMLFetcher.h in Headers */ = {isa = PBXBuildFile; fileRef = 9B6C18D514A7E20900087893 /* MTXMLFetcher.h */; };
		9B6C18DF14A7E20900087893 /* MTXMLFetcher.m in Sources */ = {isa = PBXBuildFile; fileRef = 9B6C18D614A7E20900087893 /* MTXMLFetcher.m */; };
		9B6C18E014A7E20900087893 /* MTXPathResultNode.h in Headers */ = {isa = PBXBuildFile; fileRef = 9B6C18D714A7E20900087893 /* MTXPathResultNode.h */; };
		9B6C18E114A7E20900087893 /* MTXPathResultNode.m in Sources */ = {isa = PBXBuildFile; fileRef = 9B6C18D814A7E20900087893 /* MTXPathResultNode.m */; };
		9B6C18EC14A7E23300087893 /* MTDirectionRequest.h in Headers */ = {isa = PBXBuildFile; fileRef = 9B6C18E514A7E23300087893 /* MTDirectionRequest.h */; };
		9B6C18ED14A7E23300087893 /* MTDirectionRequest.m in Sources */ = {isa = PBXBuildFile; fileRef = 9B6C18E614A7E23300087893 /* MTDirectionRequest.m */; };
		9B6C18F214A7E24200087893 /* MTDirections.h in Headers */ = {isa = PBXBuildFile; fileRef = 9B6C18F114A7E24200087893 /* MTDirections.h */; };
		9B6C18F414A7E40A00087893 /* libxml2.dylib in Frameworks */ = {isa = PBXBuildFile; fileRef = 9B6C18F314A7E40A00087893 /* libxml2.dylib */; };
/* End PBXBuildFile section */

/* Begin PBXFileReference section */
		9B64770614A8EFC500D36412 /* MTDirectionRouteType+MapQuest.h */ = {isa = PBXFileReference; fileEncoding = 4; lastKnownFileType = sourcecode.c.h; path = "MTDirectionRouteType+MapQuest.h"; sourceTree = "<group>"; };
		9B64770914A8F00000D36412 /* MKMapView+MTDirections.h */ = {isa = PBXFileReference; fileEncoding = 4; lastKnownFileType = sourcecode.c.h; path = "MKMapView+MTDirections.h"; sourceTree = "<group>"; };
		9B64770A14A8F00000D36412 /* MKMapView+MTDirections.m */ = {isa = PBXFileReference; fileEncoding = 4; lastKnownFileType = sourcecode.c.objc; path = "MKMapView+MTDirections.m"; sourceTree = "<group>"; };
		9B64770B14A8F00000D36412 /* MTDirectionRouteType.h */ = {isa = PBXFileReference; fileEncoding = 4; lastKnownFileType = sourcecode.c.h; path = MTDirectionRouteType.h; sourceTree = "<group>"; };
		9B64770C14A8F00000D36412 /* MTWaypoint.h */ = {isa = PBXFileReference; fileEncoding = 4; lastKnownFileType = sourcecode.c.h; path = MTWaypoint.h; sourceTree = "<group>"; };
		9B64770D14A8F00000D36412 /* MTWaypoint.m */ = {isa = PBXFileReference; fileEncoding = 4; lastKnownFileType = sourcecode.c.objc; path = MTWaypoint.m; sourceTree = "<group>"; };
		9B64771314A8F04300D36412 /* MTDirectionAPI.h */ = {isa = PBXFileReference; fileEncoding = 4; lastKnownFileType = sourcecode.c.h; path = MTDirectionAPI.h; sourceTree = "<group>"; };
		9B6C18C014A7E18200087893 /* libMTDirections.a */ = {isa = PBXFileReference; explicitFileType = archive.ar; includeInIndex = 0; path = libMTDirections.a; sourceTree = BUILT_PRODUCTS_DIR; };
		9B6C18C314A7E18200087893 /* Foundation.framework */ = {isa = PBXFileReference; lastKnownFileType = wrapper.framework; name = Foundation.framework; path = System/Library/Frameworks/Foundation.framework; sourceTree = SDKROOT; };
		9B6C18C714A7E18200087893 /* Prefix.pch */ = {isa = PBXFileReference; lastKnownFileType = sourcecode.c.h; path = Prefix.pch; sourceTree = "<group>"; };
		9B6C18D114A7E20900087893 /* MTHTTPFetcher.h */ = {isa = PBXFileReference; fileEncoding = 4; lastKnownFileType = sourcecode.c.h; path = MTHTTPFetcher.h; sourceTree = "<group>"; };
		9B6C18D214A7E20900087893 /* MTHTTPFetcher.m */ = {isa = PBXFileReference; fileEncoding = 4; lastKnownFileType = sourcecode.c.objc; path = MTHTTPFetcher.m; sourceTree = "<group>"; };
		9B6C18D514A7E20900087893 /* MTXMLFetcher.h */ = {isa = PBXFileReference; fileEncoding = 4; lastKnownFileType = sourcecode.c.h; path = MTXMLFetcher.h; sourceTree = "<group>"; };
		9B6C18D614A7E20900087893 /* MTXMLFetcher.m */ = {isa = PBXFileReference; fileEncoding = 4; lastKnownFileType = sourcecode.c.objc; path = MTXMLFetcher.m; sourceTree = "<group>"; };
		9B6C18D714A7E20900087893 /* MTXPathResultNode.h */ = {isa = PBXFileReference; fileEncoding = 4; lastKnownFileType = sourcecode.c.h; path = MTXPathResultNode.h; sourceTree = "<group>"; };
		9B6C18D814A7E20900087893 /* MTXPathResultNode.m */ = {isa = PBXFileReference; fileEncoding = 4; lastKnownFileType = sourcecode.c.objc; path = MTXPathResultNode.m; sourceTree = "<group>"; };
		9B6C18E514A7E23300087893 /* MTDirectionRequest.h */ = {isa = PBXFileReference; fileEncoding = 4; lastKnownFileType = sourcecode.c.h; path = MTDirectionRequest.h; sourceTree = "<group>"; };
		9B6C18E614A7E23300087893 /* MTDirectionRequest.m */ = {isa = PBXFileReference; fileEncoding = 4; lastKnownFileType = sourcecode.c.objc; path = MTDirectionRequest.m; sourceTree = "<group>"; };
		9B6C18F114A7E24200087893 /* MTDirections.h */ = {isa = PBXFileReference; fileEncoding = 4; lastKnownFileType = sourcecode.c.h; path = MTDirections.h; sourceTree = "<group>"; };
		9B6C18F314A7E40A00087893 /* libxml2.dylib */ = {isa = PBXFileReference; lastKnownFileType = "compiled.mach-o.dylib"; name = libxml2.dylib; path = usr/lib/libxml2.dylib; sourceTree = SDKROOT; };
/* End PBXFileReference section */

/* Begin PBXFrameworksBuildPhase section */
		9B6C18BD14A7E18200087893 /* Frameworks */ = {
			isa = PBXFrameworksBuildPhase;
			buildActionMask = 2147483647;
			files = (
				9B6C18F414A7E40A00087893 /* libxml2.dylib in Frameworks */,
				9B6C18C414A7E18200087893 /* Foundation.framework in Frameworks */,
			);
			runOnlyForDeploymentPostprocessing = 0;
		};
/* End PBXFrameworksBuildPhase section */

/* Begin PBXGroup section */
		9B64770814A8F00000D36412 /* MTDirections */ = {
			isa = PBXGroup;
			children = (
				9B64770914A8F00000D36412 /* MKMapView+MTDirections.h */,
				9B64770A14A8F00000D36412 /* MKMapView+MTDirections.m */,
				9B64771314A8F04300D36412 /* MTDirectionAPI.h */,
				9B64770B14A8F00000D36412 /* MTDirectionRouteType.h */,
				9B64770C14A8F00000D36412 /* MTWaypoint.h */,
				9B64770D14A8F00000D36412 /* MTWaypoint.m */,
			);
			path = MTDirections;
			sourceTree = "<group>";
		};
		9B6C18B514A7E18200087893 = {
			isa = PBXGroup;
			children = (
				9B6C18C514A7E18200087893 /* MTDirections */,
				9B6C18C214A7E18200087893 /* Frameworks */,
				9B6C18C114A7E18200087893 /* Products */,
			);
			sourceTree = "<group>";
		};
		9B6C18C114A7E18200087893 /* Products */ = {
			isa = PBXGroup;
			children = (
				9B6C18C014A7E18200087893 /* libMTDirections.a */,
			);
			name = Products;
			sourceTree = "<group>";
		};
		9B6C18C214A7E18200087893 /* Frameworks */ = {
			isa = PBXGroup;
			children = (
				9B6C18F314A7E40A00087893 /* libxml2.dylib */,
				9B6C18C314A7E18200087893 /* Foundation.framework */,
			);
			name = Frameworks;
			sourceTree = "<group>";
		};
		9B6C18C514A7E18200087893 /* MTDirections */ = {
			isa = PBXGroup;
			children = (
				9B64770814A8F00000D36412 /* MTDirections */,
				9B6C18E214A7E23300087893 /* MapQuest */,
				9B6C18D014A7E20900087893 /* MTHTTPFetcher */,
				9B6C18C614A7E18200087893 /* Supporting Files */,
			);
			path = MTDirections;
			sourceTree = "<group>";
		};
		9B6C18C614A7E18200087893 /* Supporting Files */ = {
			isa = PBXGroup;
			children = (
				9B6C18F114A7E24200087893 /* MTDirections.h */,
				9B6C18C714A7E18200087893 /* Prefix.pch */,
			);
			name = "Supporting Files";
			sourceTree = "<group>";
		};
		9B6C18D014A7E20900087893 /* MTHTTPFetcher */ = {
			isa = PBXGroup;
			children = (
				9B6C18D114A7E20900087893 /* MTHTTPFetcher.h */,
				9B6C18D214A7E20900087893 /* MTHTTPFetcher.m */,
				9B6C18D514A7E20900087893 /* MTXMLFetcher.h */,
				9B6C18D614A7E20900087893 /* MTXMLFetcher.m */,
				9B6C18D714A7E20900087893 /* MTXPathResultNode.h */,
				9B6C18D814A7E20900087893 /* MTXPathResultNode.m */,
			);
			path = MTHTTPFetcher;
			sourceTree = "<group>";
		};
		9B6C18E214A7E23300087893 /* MapQuest */ = {
			isa = PBXGroup;
			children = (
				9B6C18E514A7E23300087893 /* MTDirectionRequest.h */,
				9B6C18E614A7E23300087893 /* MTDirectionRequest.m */,
				9B64770614A8EFC500D36412 /* MTDirectionRouteType+MapQuest.h */,
			);
			path = MapQuest;
			sourceTree = "<group>";
		};
/* End PBXGroup section */

/* Begin PBXHeadersBuildPhase section */
		9B6C18BE14A7E18200087893 /* Headers */ = {
			isa = PBXHeadersBuildPhase;
			buildActionMask = 2147483647;
			files = (
				9B6C18DA14A7E20900087893 /* MTHTTPFetcher.h in Headers */,
				9B6C18DE14A7E20900087893 /* MTXMLFetcher.h in Headers */,
				9B6C18E014A7E20900087893 /* MTXPathResultNode.h in Headers */,
				9B6C18EC14A7E23300087893 /* MTDirectionRequest.h in Headers */,
				9B6C18F214A7E24200087893 /* MTDirections.h in Headers */,
				9B64770714A8EFC500D36412 /* MTDirectionRouteType+MapQuest.h in Headers */,
				9B64770E14A8F00000D36412 /* MKMapView+MTDirections.h in Headers */,
				9B64771014A8F00000D36412 /* MTDirectionRouteType.h in Headers */,
				9B64771114A8F00000D36412 /* MTWaypoint.h in Headers */,
				9B64771414A8F04300D36412 /* MTDirectionAPI.h in Headers */,
			);
			runOnlyForDeploymentPostprocessing = 0;
		};
/* End PBXHeadersBuildPhase section */

/* Begin PBXNativeTarget section */
		9B6C18BF14A7E18200087893 /* MTDirections */ = {
			isa = PBXNativeTarget;
			buildConfigurationList = 9B6C18CD14A7E18200087893 /* Build configuration list for PBXNativeTarget "MTDirections" */;
			buildPhases = (
				9B6C18BC14A7E18200087893 /* Sources */,
				9B6C18BD14A7E18200087893 /* Frameworks */,
				9B6C18BE14A7E18200087893 /* Headers */,
			);
			buildRules = (
			);
			dependencies = (
			);
			name = MTDirections;
			productName = MTDirections;
			productReference = 9B6C18C014A7E18200087893 /* libMTDirections.a */;
			productType = "com.apple.product-type.library.static";
		};
/* End PBXNativeTarget section */

/* Begin PBXProject section */
		9B6C18B714A7E18200087893 /* Project object */ = {
			isa = PBXProject;
			attributes = {
				LastUpgradeCheck = 0420;
				ORGANIZATIONNAME = "NOUS Wissensmanagement GmbH";
			};
			buildConfigurationList = 9B6C18BA14A7E18200087893 /* Build configuration list for PBXProject "MTDirections" */;
			compatibilityVersion = "Xcode 3.2";
			developmentRegion = English;
			hasScannedForEncodings = 0;
			knownRegions = (
				en,
			);
			mainGroup = 9B6C18B514A7E18200087893;
			productRefGroup = 9B6C18C114A7E18200087893 /* Products */;
			projectDirPath = "";
			projectRoot = "";
			targets = (
				9B6C18BF14A7E18200087893 /* MTDirections */,
			);
		};
/* End PBXProject section */

/* Begin PBXSourcesBuildPhase section */
		9B6C18BC14A7E18200087893 /* Sources */ = {
			isa = PBXSourcesBuildPhase;
			buildActionMask = 2147483647;
			files = (
				9B6C18DB14A7E20900087893 /* MTHTTPFetcher.m in Sources */,
				9B6C18DF14A7E20900087893 /* MTXMLFetcher.m in Sources */,
				9B6C18E114A7E20900087893 /* MTXPathResultNode.m in Sources */,
				9B6C18ED14A7E23300087893 /* MTDirectionRequest.m in Sources */,
				9B64770F14A8F00000D36412 /* MKMapView+MTDirections.m in Sources */,
				9B64771214A8F00000D36412 /* MTWaypoint.m in Sources */,
			);
			runOnlyForDeploymentPostprocessing = 0;
		};
/* End PBXSourcesBuildPhase section */

/* Begin XCBuildConfiguration section */
		9B6C18CB14A7E18200087893 /* Debug */ = {
			isa = XCBuildConfiguration;
			buildSettings = {
				ALWAYS_SEARCH_USER_PATHS = NO;
				ARCHS = "$(ARCHS_STANDARD_32_BIT)";
				CLANG_ENABLE_OBJC_ARC = YES;
				COPY_PHASE_STRIP = NO;
				GCC_C_LANGUAGE_STANDARD = gnu99;
				GCC_DYNAMIC_NO_PIC = NO;
				GCC_OPTIMIZATION_LEVEL = 0;
				GCC_PREPROCESSOR_DEFINITIONS = (
					"DEBUG=1",
					"$(inherited)",
				);
				GCC_SYMBOLS_PRIVATE_EXTERN = NO;
				GCC_VERSION = com.apple.compilers.llvm.clang.1_0;
				GCC_WARN_ABOUT_MISSING_PROTOTYPES = YES;
				GCC_WARN_ABOUT_RETURN_TYPE = YES;
				GCC_WARN_UNUSED_VARIABLE = YES;
				HEADER_SEARCH_PATHS = "$(SDK_ROOT)/usr/include/libxml2/**";
				IPHONEOS_DEPLOYMENT_TARGET = 5.0;
				SDKROOT = iphoneos;
			};
			name = Debug;
		};
		9B6C18CC14A7E18200087893 /* Release */ = {
			isa = XCBuildConfiguration;
			buildSettings = {
				ALWAYS_SEARCH_USER_PATHS = NO;
				ARCHS = "$(ARCHS_STANDARD_32_BIT)";
				CLANG_ENABLE_OBJC_ARC = YES;
				COPY_PHASE_STRIP = YES;
				GCC_C_LANGUAGE_STANDARD = gnu99;
				GCC_VERSION = com.apple.compilers.llvm.clang.1_0;
				GCC_WARN_ABOUT_MISSING_PROTOTYPES = YES;
				GCC_WARN_ABOUT_RETURN_TYPE = YES;
				GCC_WARN_UNUSED_VARIABLE = YES;
				HEADER_SEARCH_PATHS = "$(SDK_ROOT)/usr/include/libxml2/**";
				IPHONEOS_DEPLOYMENT_TARGET = 5.0;
				SDKROOT = iphoneos;
				VALIDATE_PRODUCT = YES;
			};
			name = Release;
		};
		9B6C18CE14A7E18200087893 /* Debug */ = {
			isa = XCBuildConfiguration;
			buildSettings = {
				ARCHS = (
					i386,
					armv7,
				);
				DSTROOT = /tmp/MTDirections.dst;
				GCC_PRECOMPILE_PREFIX_HEADER = YES;
				GCC_PREFIX_HEADER = MTDirections/Prefix.pch;
				OTHER_LDFLAGS = "-ObjC";
				PRODUCT_NAME = "$(TARGET_NAME)";
				SKIP_INSTALL = YES;
			};
			name = Debug;
		};
		9B6C18CF14A7E18200087893 /* Release */ = {
			isa = XCBuildConfiguration;
			buildSettings = {
				ARCHS = (
					i386,
					armv7,
				);
				DSTROOT = /tmp/MTDirections.dst;
				GCC_PRECOMPILE_PREFIX_HEADER = YES;
				GCC_PREFIX_HEADER = MTDirections/Prefix.pch;
				OTHER_LDFLAGS = "-ObjC";
				PRODUCT_NAME = "$(TARGET_NAME)";
				SKIP_INSTALL = YES;
			};
			name = Release;
		};
/* End XCBuildConfiguration section */

/* Begin XCConfigurationList section */
		9B6C18BA14A7E18200087893 /* Build configuration list for PBXProject "MTDirections" */ = {
			isa = XCConfigurationList;
			buildConfigurations = (
				9B6C18CB14A7E18200087893 /* Debug */,
				9B6C18CC14A7E18200087893 /* Release */,
			);
			defaultConfigurationIsVisible = 0;
			defaultConfigurationName = Release;
		};
		9B6C18CD14A7E18200087893 /* Build configuration list for PBXNativeTarget "MTDirections" */ = {
			isa = XCConfigurationList;
			buildConfigurations = (
				9B6C18CE14A7E18200087893 /* Debug */,
				9B6C18CF14A7E18200087893 /* Release */,
			);
			defaultConfigurationIsVisible = 0;
			defaultConfigurationName = Release;
		};
/* End XCConfigurationList section */
	};
	rootObject = 9B6C18B714A7E18200087893 /* Project object */;
}
