// !$*UTF8*$!
{
	archiveVersion = 1;
	classes = {
	};
	objectVersion = 46;
	objects = {

/* Begin PBXBuildFile section */
		9B8F5169155C54BD00A9C10C /* MTDirectionsKit.bundle in Resources */ = {isa = PBXBuildFile; fileRef = 9B8F5168155C54BD00A9C10C /* MTDirectionsKit.bundle */; };
		9B8A2BB1155EBEA800BAAE7B /* pedestrian.png in Resources */ = {isa = PBXBuildFile; fileRef = 9B8A2BAB155EBEA800BAAE7B /* pedestrian.png */; };
		9B8A2BB2155EBEA800BAAE7B /* car.png in Resources */ = {isa = PBXBuildFile; fileRef = 9B8A2BAC155EBEA800BAAE7B /* car.png */; };
		9B8A2BB3155EBEA800BAAE7B /* bicycle.png in Resources */ = {isa = PBXBuildFile; fileRef = 9B8A2BAD155EBEA800BAAE7B /* bicycle.png */; };
		9B8A2BB4155EBEA800BAAE7B /* pedestrian@2x.png in Resources */ = {isa = PBXBuildFile; fileRef = 9B8A2BAE155EBEA800BAAE7B /* pedestrian@2x.png */; };
		9B8A2BB5155EBEA800BAAE7B /* car@2x.png in Resources */ = {isa = PBXBuildFile; fileRef = 9B8A2BAF155EBEA800BAAE7B /* car@2x.png */; };
		9B8A2BB6155EBEA800BAAE7B /* bicycle@2x.png in Resources */ = {isa = PBXBuildFile; fileRef = 9B8A2BB0155EBEA800BAAE7B /* bicycle@2x.png */; };
		9B8F5175155C54D900A9C10C /* libMTDirectionsKit.a in Frameworks */ = {isa = PBXBuildFile; fileRef = 9B8F5172155C54CE00A9C10C /* libMTDirectionsKit.a */; };
		9BAC766D155C767B0026034F /* MTDirectionsXIBSampleViewController.m in Sources */ = {isa = PBXBuildFile; fileRef = 9BAC766B155C767B0026034F /* MTDirectionsXIBSampleViewController.m */; };
		9BAC766E155C767B0026034F /* MTDirectionsXIBSampleViewController.xib in Resources */ = {isa = PBXBuildFile; fileRef = 9BAC766C155C767B0026034F /* MTDirectionsXIBSampleViewController.xib */; };
		9BB9AD191517602C003FC9F7 /* UIKit.framework in Frameworks */ = {isa = PBXBuildFile; fileRef = 9BB9AD181517602C003FC9F7 /* UIKit.framework */; };
		9BB9AD1B1517602C003FC9F7 /* Foundation.framework in Frameworks */ = {isa = PBXBuildFile; fileRef = 9BB9AD1A1517602C003FC9F7 /* Foundation.framework */; };
		9BB9AD1D1517602C003FC9F7 /* CoreGraphics.framework in Frameworks */ = {isa = PBXBuildFile; fileRef = 9BB9AD1C1517602C003FC9F7 /* CoreGraphics.framework */; };
		9BB9AD231517602C003FC9F7 /* InfoPlist.strings in Resources */ = {isa = PBXBuildFile; fileRef = 9BB9AD211517602C003FC9F7 /* InfoPlist.strings */; };
		9BB9AD251517602C003FC9F7 /* main.m in Sources */ = {isa = PBXBuildFile; fileRef = 9BB9AD241517602C003FC9F7 /* main.m */; };
		9BB9AD291517602C003FC9F7 /* AppDelegate.m in Sources */ = {isa = PBXBuildFile; fileRef = 9BB9AD281517602C003FC9F7 /* AppDelegate.m */; };
		9BB9AD3015176048003FC9F7 /* MapKit.framework in Frameworks */ = {isa = PBXBuildFile; fileRef = 9BB9AD2F15176048003FC9F7 /* MapKit.framework */; };
		9BB9AD321517604D003FC9F7 /* CoreLocation.framework in Frameworks */ = {isa = PBXBuildFile; fileRef = 9BB9AD311517604D003FC9F7 /* CoreLocation.framework */; };
		9BB9AD4B15176124003FC9F7 /* MTDirectionsSampleViewController.m in Sources */ = {isa = PBXBuildFile; fileRef = 9BB9AD4A15176124003FC9F7 /* MTDirectionsSampleViewController.m */; };
		9BB9AD4D1517631E003FC9F7 /* libxml2.dylib in Frameworks */ = {isa = PBXBuildFile; fileRef = 9BB9AD4C1517631E003FC9F7 /* libxml2.dylib */; };
/* End PBXBuildFile section */

/* Begin PBXContainerItemProxy section */
		9B10AB09155D8788002A3052 /* PBXContainerItemProxy */ = {
			isa = PBXContainerItemProxy;
			containerPortal = 9B8F516A155C54CD00A9C10C /* MTDirectionsKit.xcodeproj */;
			proxyType = 2;
			remoteGlobalIDString = 9B10A99D155D5867002A3052;
			remoteInfo = MTDirectionsKitTest;
		};
		9B8F5171155C54CE00A9C10C /* PBXContainerItemProxy */ = {
			isa = PBXContainerItemProxy;
			containerPortal = 9B8F516A155C54CD00A9C10C /* MTDirectionsKit.xcodeproj */;
			proxyType = 2;
			remoteGlobalIDString = 9B6C18C014A7E18200087893;
			remoteInfo = MTDirectionsKit;
		};
		9B8F5173155C54D500A9C10C /* PBXContainerItemProxy */ = {
			isa = PBXContainerItemProxy;
			containerPortal = 9B8F516A155C54CD00A9C10C /* MTDirectionsKit.xcodeproj */;
			proxyType = 1;
			remoteGlobalIDString = 9B6C18BF14A7E18200087893;
			remoteInfo = MTDirectionsKit;
		};
/* End PBXContainerItemProxy section */

/* Begin PBXFileReference section */
		9B8F5168155C54BD00A9C10C /* MTDirectionsKit.bundle */ = {isa = PBXFileReference; lastKnownFileType = "wrapper.plug-in"; name = MTDirectionsKit.bundle; path = ../Resources/MTDirectionsKit.bundle; sourceTree = "<group>"; };
		9B8A2BAB155EBEA800BAAE7B /* pedestrian.png */ = {isa = PBXFileReference; lastKnownFileType = image.png; name = pedestrian.png; path = Resources/pedestrian.png; sourceTree = "<group>"; };
		9B8A2BAC155EBEA800BAAE7B /* car.png */ = {isa = PBXFileReference; lastKnownFileType = image.png; name = car.png; path = Resources/car.png; sourceTree = "<group>"; };
		9B8A2BAD155EBEA800BAAE7B /* bicycle.png */ = {isa = PBXFileReference; lastKnownFileType = image.png; name = bicycle.png; path = Resources/bicycle.png; sourceTree = "<group>"; };
		9B8A2BAE155EBEA800BAAE7B /* pedestrian@2x.png */ = {isa = PBXFileReference; lastKnownFileType = image.png; name = "pedestrian@2x.png"; path = "Resources/pedestrian@2x.png"; sourceTree = "<group>"; };
		9B8A2BAF155EBEA800BAAE7B /* car@2x.png */ = {isa = PBXFileReference; lastKnownFileType = image.png; name = "car@2x.png"; path = "Resources/car@2x.png"; sourceTree = "<group>"; };
		9B8A2BB0155EBEA800BAAE7B /* bicycle@2x.png */ = {isa = PBXFileReference; lastKnownFileType = image.png; name = "bicycle@2x.png"; path = "Resources/bicycle@2x.png"; sourceTree = "<group>"; };
		9B8F516A155C54CD00A9C10C /* MTDirectionsKit.xcodeproj */ = {isa = PBXFileReference; lastKnownFileType = "wrapper.pb-project"; name = MTDirectionsKit.xcodeproj; path = ../MTDirectionsKit.xcodeproj; sourceTree = "<group>"; };
		9BAC766A155C767B0026034F /* MTDirectionsXIBSampleViewController.h */ = {isa = PBXFileReference; fileEncoding = 4; lastKnownFileType = sourcecode.c.h; path = MTDirectionsXIBSampleViewController.h; sourceTree = "<group>"; };
		9BAC766B155C767B0026034F /* MTDirectionsXIBSampleViewController.m */ = {isa = PBXFileReference; fileEncoding = 4; lastKnownFileType = sourcecode.c.objc; path = MTDirectionsXIBSampleViewController.m; sourceTree = "<group>"; };
		9BAC766C155C767B0026034F /* MTDirectionsXIBSampleViewController.xib */ = {isa = PBXFileReference; fileEncoding = 4; lastKnownFileType = file.xib; path = MTDirectionsXIBSampleViewController.xib; sourceTree = "<group>"; };
		9BB9AD141517602C003FC9F7 /* MTDirectionsKitDemo.app */ = {isa = PBXFileReference; explicitFileType = wrapper.application; includeInIndex = 0; path = MTDirectionsKitDemo.app; sourceTree = BUILT_PRODUCTS_DIR; };
		9BB9AD181517602C003FC9F7 /* UIKit.framework */ = {isa = PBXFileReference; lastKnownFileType = wrapper.framework; name = UIKit.framework; path = System/Library/Frameworks/UIKit.framework; sourceTree = SDKROOT; };
		9BB9AD1A1517602C003FC9F7 /* Foundation.framework */ = {isa = PBXFileReference; lastKnownFileType = wrapper.framework; name = Foundation.framework; path = System/Library/Frameworks/Foundation.framework; sourceTree = SDKROOT; };
		9BB9AD1C1517602C003FC9F7 /* CoreGraphics.framework */ = {isa = PBXFileReference; lastKnownFileType = wrapper.framework; name = CoreGraphics.framework; path = System/Library/Frameworks/CoreGraphics.framework; sourceTree = SDKROOT; };
		9BB9AD201517602C003FC9F7 /* MTDirectionsKitDemo-Info.plist */ = {isa = PBXFileReference; lastKnownFileType = text.plist.xml; path = "MTDirectionsKitDemo-Info.plist"; sourceTree = "<group>"; };
		9BB9AD221517602C003FC9F7 /* en */ = {isa = PBXFileReference; lastKnownFileType = text.plist.strings; name = en; path = en.lproj/InfoPlist.strings; sourceTree = "<group>"; };
		9BB9AD241517602C003FC9F7 /* main.m */ = {isa = PBXFileReference; lastKnownFileType = sourcecode.c.objc; path = main.m; sourceTree = "<group>"; };
		9BB9AD261517602C003FC9F7 /* MTDirectionsKitDemo-Prefix.pch */ = {isa = PBXFileReference; lastKnownFileType = sourcecode.c.h; path = "MTDirectionsKitDemo-Prefix.pch"; sourceTree = "<group>"; };
		9BB9AD271517602C003FC9F7 /* AppDelegate.h */ = {isa = PBXFileReference; lastKnownFileType = sourcecode.c.h; path = AppDelegate.h; sourceTree = "<group>"; };
		9BB9AD281517602C003FC9F7 /* AppDelegate.m */ = {isa = PBXFileReference; lastKnownFileType = sourcecode.c.objc; path = AppDelegate.m; sourceTree = "<group>"; };
		9BB9AD2F15176048003FC9F7 /* MapKit.framework */ = {isa = PBXFileReference; lastKnownFileType = wrapper.framework; name = MapKit.framework; path = System/Library/Frameworks/MapKit.framework; sourceTree = SDKROOT; };
		9BB9AD311517604D003FC9F7 /* CoreLocation.framework */ = {isa = PBXFileReference; lastKnownFileType = wrapper.framework; name = CoreLocation.framework; path = System/Library/Frameworks/CoreLocation.framework; sourceTree = SDKROOT; };
		9BB9AD4915176124003FC9F7 /* MTDirectionsSampleViewController.h */ = {isa = PBXFileReference; fileEncoding = 4; lastKnownFileType = sourcecode.c.h; path = MTDirectionsSampleViewController.h; sourceTree = "<group>"; };
		9BB9AD4A15176124003FC9F7 /* MTDirectionsSampleViewController.m */ = {isa = PBXFileReference; fileEncoding = 4; lastKnownFileType = sourcecode.c.objc; path = MTDirectionsSampleViewController.m; sourceTree = "<group>"; };
		9BB9AD4C1517631E003FC9F7 /* libxml2.dylib */ = {isa = PBXFileReference; lastKnownFileType = "compiled.mach-o.dylib"; name = libxml2.dylib; path = usr/lib/libxml2.dylib; sourceTree = SDKROOT; };
/* End PBXFileReference section */

/* Begin PBXFrameworksBuildPhase section */
		9BB9AD111517602C003FC9F7 /* Frameworks */ = {
			isa = PBXFrameworksBuildPhase;
			buildActionMask = 2147483647;
			files = (
				9B8F5175155C54D900A9C10C /* libMTDirectionsKit.a in Frameworks */,
				9BB9AD4D1517631E003FC9F7 /* libxml2.dylib in Frameworks */,
				9BB9AD321517604D003FC9F7 /* CoreLocation.framework in Frameworks */,
				9BB9AD3015176048003FC9F7 /* MapKit.framework in Frameworks */,
				9BB9AD191517602C003FC9F7 /* UIKit.framework in Frameworks */,
				9BB9AD1B1517602C003FC9F7 /* Foundation.framework in Frameworks */,
				9BB9AD1D1517602C003FC9F7 /* CoreGraphics.framework in Frameworks */,
			);
			runOnlyForDeploymentPostprocessing = 0;
		};
/* End PBXFrameworksBuildPhase section */

/* Begin PBXGroup section */
		9B8F516B155C54CD00A9C10C /* Products */ = {
			isa = PBXGroup;
			children = (
				9B8F5172155C54CE00A9C10C /* libMTDirectionsKit.a */,
				9B10AB0A155D8788002A3052 /* MTDirectionsKitTest.octest */,
			);
			name = Products;
			sourceTree = "<group>";
		};
		9BB9AD091517602C003FC9F7 = {
			isa = PBXGroup;
			children = (
				9BB9AD1E1517602C003FC9F7 /* MTDirectionsKitDemo */,
				9BB9AD391517605D003FC9F7 /* Resources */,
				9BB9AD171517602C003FC9F7 /* Frameworks */,
				9BB9AD151517602C003FC9F7 /* Products */,
			);
			sourceTree = "<group>";
		};
		9BB9AD151517602C003FC9F7 /* Products */ = {
			isa = PBXGroup;
			children = (
				9BB9AD141517602C003FC9F7 /* MTDirectionsKitDemo.app */,
			);
			name = Products;
			sourceTree = "<group>";
		};
		9BB9AD171517602C003FC9F7 /* Frameworks */ = {
			isa = PBXGroup;
			children = (
				9B8F516A155C54CD00A9C10C /* MTDirectionsKit.xcodeproj */,
				9BB9AD4C1517631E003FC9F7 /* libxml2.dylib */,
				9BB9AD1C1517602C003FC9F7 /* CoreGraphics.framework */,
				9BB9AD311517604D003FC9F7 /* CoreLocation.framework */,
				9BB9AD1A1517602C003FC9F7 /* Foundation.framework */,
				9BB9AD2F15176048003FC9F7 /* MapKit.framework */,
				9BB9AD181517602C003FC9F7 /* UIKit.framework */,
			);
			name = Frameworks;
			sourceTree = "<group>";
		};
		9BB9AD1E1517602C003FC9F7 /* MTDirectionsKitDemo */ = {
			isa = PBXGroup;
			children = (
				9BB9AD271517602C003FC9F7 /* AppDelegate.h */,
				9BB9AD281517602C003FC9F7 /* AppDelegate.m */,
				9BB9AD4915176124003FC9F7 /* MTDirectionsSampleViewController.h */,
				9BB9AD4A15176124003FC9F7 /* MTDirectionsSampleViewController.m */,
				9BAC766A155C767B0026034F /* MTDirectionsXIBSampleViewController.h */,
				9BAC766B155C767B0026034F /* MTDirectionsXIBSampleViewController.m */,
				9BAC766C155C767B0026034F /* MTDirectionsXIBSampleViewController.xib */,
				9BB9AD1F1517602C003FC9F7 /* Supporting Files */,
			);
			name = MTDirectionsKitDemo;
			path = MTDirectionsDemo;
			sourceTree = "<group>";
		};
		9BB9AD1F1517602C003FC9F7 /* Supporting Files */ = {
			isa = PBXGroup;
			children = (
				9BB9AD201517602C003FC9F7 /* MTDirectionsKitDemo-Info.plist */,
				9BB9AD211517602C003FC9F7 /* InfoPlist.strings */,
				9BB9AD241517602C003FC9F7 /* main.m */,
				9BB9AD261517602C003FC9F7 /* MTDirectionsKitDemo-Prefix.pch */,
			);
			name = "Supporting Files";
			sourceTree = "<group>";
		};
		9BB9AD391517605D003FC9F7 /* Resources */ = {
			isa = PBXGroup;
			children = (
				9B8F5168155C54BD00A9C10C /* MTDirectionsKit.bundle */,
				9B8A2BAB155EBEA800BAAE7B /* pedestrian.png */,
				9B8A2BAC155EBEA800BAAE7B /* car.png */,
				9B8A2BAD155EBEA800BAAE7B /* bicycle.png */,
				9B8A2BAE155EBEA800BAAE7B /* pedestrian@2x.png */,
				9B8A2BAF155EBEA800BAAE7B /* car@2x.png */,
				9B8A2BB0155EBEA800BAAE7B /* bicycle@2x.png */,
			);
			name = Resources;
			sourceTree = "<group>";
		};
/* End PBXGroup section */

/* Begin PBXNativeTarget section */
		9BB9AD131517602C003FC9F7 /* MTDirectionsKitDemo */ = {
			isa = PBXNativeTarget;
			buildConfigurationList = 9BB9AD2C1517602C003FC9F7 /* Build configuration list for PBXNativeTarget "MTDirectionsKitDemo" */;
			buildPhases = (
				9BB9AD101517602C003FC9F7 /* Sources */,
				9BB9AD111517602C003FC9F7 /* Frameworks */,
				9BB9AD121517602C003FC9F7 /* Resources */,
			);
			buildRules = (
			);
			dependencies = (
				9B8F5174155C54D500A9C10C /* PBXTargetDependency */,
			);
			name = MTDirectionsKitDemo;
			productName = MTDirectionsDemo;
			productReference = 9BB9AD141517602C003FC9F7 /* MTDirectionsKitDemo.app */;
			productType = "com.apple.product-type.application";
		};
/* End PBXNativeTarget section */

/* Begin PBXProject section */
		9BB9AD0B1517602C003FC9F7 /* Project object */ = {
			isa = PBXProject;
			attributes = {
				CLASSPREFIX = MTD;
				LastUpgradeCheck = 0430;
				ORGANIZATIONNAME = "Matthias Tretter (@myell0w)";
			};
			buildConfigurationList = 9BB9AD0E1517602C003FC9F7 /* Build configuration list for PBXProject "MTDirectionsKitDemo" */;
			compatibilityVersion = "Xcode 3.2";
			developmentRegion = English;
			hasScannedForEncodings = 0;
			knownRegions = (
				en,
			);
			mainGroup = 9BB9AD091517602C003FC9F7;
			productRefGroup = 9BB9AD151517602C003FC9F7 /* Products */;
			projectDirPath = "";
			projectReferences = (
				{
					ProductGroup = 9B8F516B155C54CD00A9C10C /* Products */;
					ProjectRef = 9B8F516A155C54CD00A9C10C /* MTDirectionsKit.xcodeproj */;
				},
			);
			projectRoot = "";
			targets = (
				9BB9AD131517602C003FC9F7 /* MTDirectionsKitDemo */,
			);
		};
/* End PBXProject section */

/* Begin PBXReferenceProxy section */
		9B10AB0A155D8788002A3052 /* MTDirectionsKitTest.octest */ = {
			isa = PBXReferenceProxy;
			fileType = wrapper.cfbundle;
			path = MTDirectionsKitTest.octest;
			remoteRef = 9B10AB09155D8788002A3052 /* PBXContainerItemProxy */;
			sourceTree = BUILT_PRODUCTS_DIR;
		};
		9B8F5172155C54CE00A9C10C /* libMTDirectionsKit.a */ = {
			isa = PBXReferenceProxy;
			fileType = archive.ar;
			path = libMTDirectionsKit.a;
			remoteRef = 9B8F5171155C54CE00A9C10C /* PBXContainerItemProxy */;
			sourceTree = BUILT_PRODUCTS_DIR;
		};
/* End PBXReferenceProxy section */

/* Begin PBXResourcesBuildPhase section */
		9BB9AD121517602C003FC9F7 /* Resources */ = {
			isa = PBXResourcesBuildPhase;
			buildActionMask = 2147483647;
			files = (
				9BB9AD231517602C003FC9F7 /* InfoPlist.strings in Resources */,
				9B8F5169155C54BD00A9C10C /* MTDirectionsKit.bundle in Resources */,
				9BAC766E155C767B0026034F /* MTDirectionsXIBSampleViewController.xib in Resources */,
				9B8A2BB1155EBEA800BAAE7B /* pedestrian.png in Resources */,
				9B8A2BB2155EBEA800BAAE7B /* car.png in Resources */,
				9B8A2BB3155EBEA800BAAE7B /* bicycle.png in Resources */,
				9B8A2BB4155EBEA800BAAE7B /* pedestrian@2x.png in Resources */,
				9B8A2BB5155EBEA800BAAE7B /* car@2x.png in Resources */,
				9B8A2BB6155EBEA800BAAE7B /* bicycle@2x.png in Resources */,
			);
			runOnlyForDeploymentPostprocessing = 0;
		};
/* End PBXResourcesBuildPhase section */

/* Begin PBXSourcesBuildPhase section */
		9BB9AD101517602C003FC9F7 /* Sources */ = {
			isa = PBXSourcesBuildPhase;
			buildActionMask = 2147483647;
			files = (
				9BB9AD251517602C003FC9F7 /* main.m in Sources */,
				9BB9AD291517602C003FC9F7 /* AppDelegate.m in Sources */,
				9BB9AD4B15176124003FC9F7 /* MTDirectionsSampleViewController.m in Sources */,
				9BAC766D155C767B0026034F /* MTDirectionsXIBSampleViewController.m in Sources */,
			);
			runOnlyForDeploymentPostprocessing = 0;
		};
/* End PBXSourcesBuildPhase section */

/* Begin PBXTargetDependency section */
		9B8F5174155C54D500A9C10C /* PBXTargetDependency */ = {
			isa = PBXTargetDependency;
			name = MTDirectionsKit;
			targetProxy = 9B8F5173155C54D500A9C10C /* PBXContainerItemProxy */;
		};
/* End PBXTargetDependency section */

/* Begin PBXVariantGroup section */
		9BB9AD211517602C003FC9F7 /* InfoPlist.strings */ = {
			isa = PBXVariantGroup;
			children = (
				9BB9AD221517602C003FC9F7 /* en */,
			);
			name = InfoPlist.strings;
			sourceTree = "<group>";
		};
/* End PBXVariantGroup section */

/* Begin XCBuildConfiguration section */
		9BB9AD2A1517602C003FC9F7 /* Debug */ = {
			isa = XCBuildConfiguration;
			buildSettings = {
				ALWAYS_SEARCH_USER_PATHS = NO;
				ARCHS = "$(ARCHS_STANDARD_32_BIT)";
				CLANG_ENABLE_OBJC_ARC = YES;
				"CODE_SIGN_IDENTITY[sdk=iphoneos*]" = "iPhone Developer";
				COPY_PHASE_STRIP = NO;
				GCC_C_LANGUAGE_STANDARD = gnu99;
				GCC_DYNAMIC_NO_PIC = NO;
				GCC_OPTIMIZATION_LEVEL = 0;
				GCC_PREPROCESSOR_DEFINITIONS = (
					"DEBUG=1",
					"$(inherited)",
				);
				GCC_SYMBOLS_PRIVATE_EXTERN = NO;
				GCC_VERSION = com.apple.compilers.llvm.clang.1_0;
				GCC_WARN_ABOUT_RETURN_TYPE = YES;
				GCC_WARN_UNINITIALIZED_AUTOS = YES;
				GCC_WARN_UNUSED_VARIABLE = YES;
				HEADER_SEARCH_PATHS = "";
				IPHONEOS_DEPLOYMENT_TARGET = 5.1;
				SDKROOT = iphoneos;
				TARGETED_DEVICE_FAMILY = "1,2";
			};
			name = Debug;
		};
		9BB9AD2B1517602C003FC9F7 /* Release */ = {
			isa = XCBuildConfiguration;
			buildSettings = {
				ALWAYS_SEARCH_USER_PATHS = NO;
				ARCHS = "$(ARCHS_STANDARD_32_BIT)";
				CLANG_ENABLE_OBJC_ARC = YES;
				"CODE_SIGN_IDENTITY[sdk=iphoneos*]" = "iPhone Developer";
				COPY_PHASE_STRIP = YES;
				GCC_C_LANGUAGE_STANDARD = gnu99;
				GCC_VERSION = com.apple.compilers.llvm.clang.1_0;
				GCC_WARN_ABOUT_RETURN_TYPE = YES;
				GCC_WARN_UNINITIALIZED_AUTOS = YES;
				GCC_WARN_UNUSED_VARIABLE = YES;
				HEADER_SEARCH_PATHS = "";
				IPHONEOS_DEPLOYMENT_TARGET = 5.1;
				OTHER_CFLAGS = "-DNS_BLOCK_ASSERTIONS=1";
				SDKROOT = iphoneos;
				TARGETED_DEVICE_FAMILY = "1,2";
				VALIDATE_PRODUCT = YES;
			};
			name = Release;
		};
		9BB9AD2D1517602C003FC9F7 /* Debug */ = {
			isa = XCBuildConfiguration;
			buildSettings = {
				GCC_PRECOMPILE_PREFIX_HEADER = YES;
				GCC_PREFIX_HEADER = "MTDirectionsDemo/MTDirectionsKitDemo-Prefix.pch";
				INFOPLIST_FILE = "MTDirectionsDemo/MTDirectionsKitDemo-Info.plist";
				PRODUCT_NAME = MTDirectionsKitDemo;
				WRAPPER_EXTENSION = app;
			};
			name = Debug;
		};
		9BB9AD2E1517602C003FC9F7 /* Release */ = {
			isa = XCBuildConfiguration;
			buildSettings = {
				GCC_PRECOMPILE_PREFIX_HEADER = YES;
				GCC_PREFIX_HEADER = "MTDirectionsDemo/MTDirectionsKitDemo-Prefix.pch";
				INFOPLIST_FILE = "MTDirectionsDemo/MTDirectionsKitDemo-Info.plist";
				PRODUCT_NAME = MTDirectionsKitDemo;
				WRAPPER_EXTENSION = app;
			};
			name = Release;
		};
/* End XCBuildConfiguration section */

/* Begin XCConfigurationList section */
		9BB9AD0E1517602C003FC9F7 /* Build configuration list for PBXProject "MTDirectionsKitDemo" */ = {
			isa = XCConfigurationList;
			buildConfigurations = (
				9BB9AD2A1517602C003FC9F7 /* Debug */,
				9BB9AD2B1517602C003FC9F7 /* Release */,
			);
			defaultConfigurationIsVisible = 0;
			defaultConfigurationName = Release;
		};
		9BB9AD2C1517602C003FC9F7 /* Build configuration list for PBXNativeTarget "MTDirectionsKitDemo" */ = {
			isa = XCConfigurationList;
			buildConfigurations = (
				9BB9AD2D1517602C003FC9F7 /* Debug */,
				9BB9AD2E1517602C003FC9F7 /* Release */,
			);
			defaultConfigurationIsVisible = 0;
			defaultConfigurationName = Release;
		};
/* End XCConfigurationList section */
	};
	rootObject = 9BB9AD0B1517602C003FC9F7 /* Project object */;
}
